// !$*UTF8*$!
{
	archiveVersion = 1;
	classes = {
	};
	objectVersion = 46;
	objects = {

/* Begin PBXBuildFile section */
		8F867006C99A3EEDF265BA2C /* libPods.a in Frameworks */ = {isa = PBXBuildFile; fileRef = F413C340A9A57AD93C448476 /* libPods.a */; };
		F926015C1BE0B36200F8FF3C /* ISSConnect.m in Sources */ = {isa = PBXBuildFile; fileRef = F926015B1BE0B36200F8FF3C /* ISSConnect.m */; };
		F9581EDB1BDF838E007AC947 /* AppDelegate.m in Sources */ = {isa = PBXBuildFile; fileRef = F9581ED91BDF838E007AC947 /* AppDelegate.m */; };
		F9581EDC1BDF838E007AC947 /* main.m in Sources */ = {isa = PBXBuildFile; fileRef = F9581EDA1BDF838E007AC947 /* main.m */; };
		F9581EDF1BDF83A2007AC947 /* MainController.m in Sources */ = {isa = PBXBuildFile; fileRef = F9581EDE1BDF83A2007AC947 /* MainController.m */; };
		F9581EE11BDF83AB007AC947 /* Assets.xcassets in Resources */ = {isa = PBXBuildFile; fileRef = F9581EE01BDF83AB007AC947 /* Assets.xcassets */; };
		F97406E11BDF55DE0070F67E /* SaasAppTests.m in Sources */ = {isa = PBXBuildFile; fileRef = F97406E01BDF55DE0070F67E /* SaasAppTests.m */; };
		F97406EC1BDF55DE0070F67E /* SaasAppUITests.m in Sources */ = {isa = PBXBuildFile; fileRef = F97406EB1BDF55DE0070F67E /* SaasAppUITests.m */; };
		F98314591BE313BA000718A4 /* TBNetWorkManager.m in Sources */ = {isa = PBXBuildFile; fileRef = F98314581BE313BA000718A4 /* TBNetWorkManager.m */; };
		F983145C1BE31DAC000718A4 /* TBURLResponse.m in Sources */ = {isa = PBXBuildFile; fileRef = F983145B1BE31DAC000718A4 /* TBURLResponse.m */; };
/* End PBXBuildFile section */

/* Begin PBXContainerItemProxy section */
		F97406DD1BDF55DE0070F67E /* PBXContainerItemProxy */ = {
			isa = PBXContainerItemProxy;
			containerPortal = F97406BB1BDF55DE0070F67E /* Project object */;
			proxyType = 1;
			remoteGlobalIDString = F97406C21BDF55DE0070F67E;
			remoteInfo = SaasApp;
		};
		F97406E81BDF55DE0070F67E /* PBXContainerItemProxy */ = {
			isa = PBXContainerItemProxy;
			containerPortal = F97406BB1BDF55DE0070F67E /* Project object */;
			proxyType = 1;
			remoteGlobalIDString = F97406C21BDF55DE0070F67E;
			remoteInfo = SaasApp;
		};
/* End PBXContainerItemProxy section */

/* Begin PBXFileReference section */
		5270ED2DD26C462B9EA5A85A /* Pods.release.xcconfig */ = {isa = PBXFileReference; includeInIndex = 1; lastKnownFileType = text.xcconfig; name = Pods.release.xcconfig; path = "Pods/Target Support Files/Pods/Pods.release.xcconfig"; sourceTree = "<group>"; };
		E2A8297BD24CE98B733B8970 /* Pods.debug.xcconfig */ = {isa = PBXFileReference; includeInIndex = 1; lastKnownFileType = text.xcconfig; name = Pods.debug.xcconfig; path = "Pods/Target Support Files/Pods/Pods.debug.xcconfig"; sourceTree = "<group>"; };
		F413C340A9A57AD93C448476 /* libPods.a */ = {isa = PBXFileReference; explicitFileType = archive.ar; includeInIndex = 0; path = libPods.a; sourceTree = BUILT_PRODUCTS_DIR; };
		F926015A1BE0B36200F8FF3C /* ISSConnect.h */ = {isa = PBXFileReference; fileEncoding = 4; lastKnownFileType = sourcecode.c.h; path = ISSConnect.h; sourceTree = "<group>"; };
		F926015B1BE0B36200F8FF3C /* ISSConnect.m */ = {isa = PBXFileReference; fileEncoding = 4; lastKnownFileType = sourcecode.c.objc; path = ISSConnect.m; sourceTree = "<group>"; };
		F9581ED81BDF838E007AC947 /* AppDelegate.h */ = {isa = PBXFileReference; fileEncoding = 4; lastKnownFileType = sourcecode.c.h; path = AppDelegate.h; sourceTree = "<group>"; };
		F9581ED91BDF838E007AC947 /* AppDelegate.m */ = {isa = PBXFileReference; fileEncoding = 4; lastKnownFileType = sourcecode.c.objc; path = AppDelegate.m; sourceTree = "<group>"; };
		F9581EDA1BDF838E007AC947 /* main.m */ = {isa = PBXFileReference; fileEncoding = 4; lastKnownFileType = sourcecode.c.objc; path = main.m; sourceTree = "<group>"; };
		F9581EDD1BDF83A2007AC947 /* MainController.h */ = {isa = PBXFileReference; fileEncoding = 4; lastKnownFileType = sourcecode.c.h; path = MainController.h; sourceTree = "<group>"; };
		F9581EDE1BDF83A2007AC947 /* MainController.m */ = {isa = PBXFileReference; fileEncoding = 4; lastKnownFileType = sourcecode.c.objc; path = MainController.m; sourceTree = "<group>"; };
		F9581EE01BDF83AB007AC947 /* Assets.xcassets */ = {isa = PBXFileReference; lastKnownFileType = folder.assetcatalog; path = Assets.xcassets; sourceTree = "<group>"; };
		F9581EE21BDF83B1007AC947 /* Info.plist */ = {isa = PBXFileReference; fileEncoding = 4; lastKnownFileType = text.plist.xml; path = Info.plist; sourceTree = "<group>"; };
		F97406C31BDF55DE0070F67E /* SaasApp.app */ = {isa = PBXFileReference; explicitFileType = wrapper.application; includeInIndex = 0; path = SaasApp.app; sourceTree = BUILT_PRODUCTS_DIR; };
		F97406DC1BDF55DE0070F67E /* SaasAppTests.xctest */ = {isa = PBXFileReference; explicitFileType = wrapper.cfbundle; includeInIndex = 0; path = SaasAppTests.xctest; sourceTree = BUILT_PRODUCTS_DIR; };
		F97406E01BDF55DE0070F67E /* SaasAppTests.m */ = {isa = PBXFileReference; lastKnownFileType = sourcecode.c.objc; path = SaasAppTests.m; sourceTree = "<group>"; };
		F97406E21BDF55DE0070F67E /* Info.plist */ = {isa = PBXFileReference; lastKnownFileType = text.plist.xml; path = Info.plist; sourceTree = "<group>"; };
		F97406E71BDF55DE0070F67E /* SaasAppUITests.xctest */ = {isa = PBXFileReference; explicitFileType = wrapper.cfbundle; includeInIndex = 0; path = SaasAppUITests.xctest; sourceTree = BUILT_PRODUCTS_DIR; };
		F97406EB1BDF55DE0070F67E /* SaasAppUITests.m */ = {isa = PBXFileReference; lastKnownFileType = sourcecode.c.objc; path = SaasAppUITests.m; sourceTree = "<group>"; };
		F97406ED1BDF55DE0070F67E /* Info.plist */ = {isa = PBXFileReference; lastKnownFileType = text.plist.xml; path = Info.plist; sourceTree = "<group>"; };
		F98314571BE313BA000718A4 /* TBNetWorkManager.h */ = {isa = PBXFileReference; fileEncoding = 4; lastKnownFileType = sourcecode.c.h; path = TBNetWorkManager.h; sourceTree = "<group>"; };
		F98314581BE313BA000718A4 /* TBNetWorkManager.m */ = {isa = PBXFileReference; fileEncoding = 4; lastKnownFileType = sourcecode.c.objc; path = TBNetWorkManager.m; sourceTree = "<group>"; };
		F983145A1BE31DAC000718A4 /* TBURLResponse.h */ = {isa = PBXFileReference; fileEncoding = 4; lastKnownFileType = sourcecode.c.h; path = TBURLResponse.h; sourceTree = "<group>"; };
		F983145B1BE31DAC000718A4 /* TBURLResponse.m */ = {isa = PBXFileReference; fileEncoding = 4; lastKnownFileType = sourcecode.c.objc; path = TBURLResponse.m; sourceTree = "<group>"; };
		F983145D1BE31E0A000718A4 /* TBNetworkConfig.h */ = {isa = PBXFileReference; lastKnownFileType = sourcecode.c.h; path = TBNetworkConfig.h; sourceTree = "<group>"; };
		F983145E1BE31EF4000718A4 /* Saas_PrefixHeader.pch */ = {isa = PBXFileReference; lastKnownFileType = sourcecode.c.h; path = Saas_PrefixHeader.pch; sourceTree = "<group>"; };
/* End PBXFileReference section */

/* Begin PBXFrameworksBuildPhase section */
		F97406C01BDF55DE0070F67E /* Frameworks */ = {
			isa = PBXFrameworksBuildPhase;
			buildActionMask = 2147483647;
			files = (
				8F867006C99A3EEDF265BA2C /* libPods.a in Frameworks */,
			);
			runOnlyForDeploymentPostprocessing = 0;
		};
		F97406D91BDF55DE0070F67E /* Frameworks */ = {
			isa = PBXFrameworksBuildPhase;
			buildActionMask = 2147483647;
			files = (
			);
			runOnlyForDeploymentPostprocessing = 0;
		};
		F97406E41BDF55DE0070F67E /* Frameworks */ = {
			isa = PBXFrameworksBuildPhase;
			buildActionMask = 2147483647;
			files = (
			);
			runOnlyForDeploymentPostprocessing = 0;
		};
/* End PBXFrameworksBuildPhase section */

/* Begin PBXGroup section */
		1B8930514039344D8ACC2929 /* Pods */ = {
			isa = PBXGroup;
			children = (
				E2A8297BD24CE98B733B8970 /* Pods.debug.xcconfig */,
				5270ED2DD26C462B9EA5A85A /* Pods.release.xcconfig */,
			);
			name = Pods;
			sourceTree = "<group>";
		};
		2F5FD4174A45B7E695BBF783 /* Frameworks */ = {
			isa = PBXGroup;
			children = (
				F413C340A9A57AD93C448476 /* libPods.a */,
			);
			name = Frameworks;
			sourceTree = "<group>";
		};
		F9581ED11BDF828B007AC947 /* Classes */ = {
			isa = PBXGroup;
			children = (
				F989926E1BE0AFDE00B71E0C /* Tools */,
				F9581EDD1BDF83A2007AC947 /* MainController.h */,
				F9581EDE1BDF83A2007AC947 /* MainController.m */,
				F9581ED21BDF828B007AC947 /* AppFolder */,
			);
			path = Classes;
			sourceTree = "<group>";
		};
		F9581ED21BDF828B007AC947 /* AppFolder */ = {
			isa = PBXGroup;
			children = (
				F9581ED81BDF838E007AC947 /* AppDelegate.h */,
				F9581ED91BDF838E007AC947 /* AppDelegate.m */,
				F9581EDA1BDF838E007AC947 /* main.m */,
			);
			path = AppFolder;
			sourceTree = "<group>";
		};
		F9581ED41BDF828B007AC947 /* Resource */ = {
			isa = PBXGroup;
			children = (
				F9581ED51BDF828B007AC947 /* Image */,
				F9581ED61BDF828B007AC947 /* Sound */,
				F9581ED71BDF828B007AC947 /* Xml */,
			);
			path = Resource;
			sourceTree = "<group>";
		};
		F9581ED51BDF828B007AC947 /* Image */ = {
			isa = PBXGroup;
			children = (
				F9581EE01BDF83AB007AC947 /* Assets.xcassets */,
			);
			path = Image;
			sourceTree = "<group>";
		};
		F9581ED61BDF828B007AC947 /* Sound */ = {
			isa = PBXGroup;
			children = (
			);
			path = Sound;
			sourceTree = "<group>";
		};
		F9581ED71BDF828B007AC947 /* Xml */ = {
			isa = PBXGroup;
			children = (
				F9581EE21BDF83B1007AC947 /* Info.plist */,
			);
			path = Xml;
			sourceTree = "<group>";
		};
		F97406BA1BDF55DE0070F67E = {
			isa = PBXGroup;
			children = (
				F97406C51BDF55DE0070F67E /* SaasApp */,
				F97406DF1BDF55DE0070F67E /* SaasAppTests */,
				F97406EA1BDF55DE0070F67E /* SaasAppUITests */,
				F97406C41BDF55DE0070F67E /* Products */,
				1B8930514039344D8ACC2929 /* Pods */,
				2F5FD4174A45B7E695BBF783 /* Frameworks */,
			);
			sourceTree = "<group>";
		};
		F97406C41BDF55DE0070F67E /* Products */ = {
			isa = PBXGroup;
			children = (
				F97406C31BDF55DE0070F67E /* SaasApp.app */,
				F97406DC1BDF55DE0070F67E /* SaasAppTests.xctest */,
				F97406E71BDF55DE0070F67E /* SaasAppUITests.xctest */,
			);
			name = Products;
			sourceTree = "<group>";
		};
		F97406C51BDF55DE0070F67E /* SaasApp */ = {
			isa = PBXGroup;
			children = (
				F9581ED11BDF828B007AC947 /* Classes */,
				F9581ED41BDF828B007AC947 /* Resource */,
				F97406C61BDF55DE0070F67E /* Supporting Files */,
			);
			path = SaasApp;
			sourceTree = "<group>";
		};
		F97406C61BDF55DE0070F67E /* Supporting Files */ = {
			isa = PBXGroup;
			children = (
				F983145E1BE31EF4000718A4 /* Saas_PrefixHeader.pch */,
			);
			name = "Supporting Files";
			sourceTree = "<group>";
		};
		F97406DF1BDF55DE0070F67E /* SaasAppTests */ = {
			isa = PBXGroup;
			children = (
				F97406E01BDF55DE0070F67E /* SaasAppTests.m */,
				F97406E21BDF55DE0070F67E /* Info.plist */,
			);
			path = SaasAppTests;
			sourceTree = "<group>";
		};
		F97406EA1BDF55DE0070F67E /* SaasAppUITests */ = {
			isa = PBXGroup;
			children = (
				F97406EB1BDF55DE0070F67E /* SaasAppUITests.m */,
				F97406ED1BDF55DE0070F67E /* Info.plist */,
			);
			path = SaasAppUITests;
			sourceTree = "<group>";
		};
		F989926E1BE0AFDE00B71E0C /* Tools */ = {
			isa = PBXGroup;
			children = (
				F989926F1BE0B01600B71E0C /* Network */,
			);
			path = Tools;
			sourceTree = "<group>";
		};
		F989926F1BE0B01600B71E0C /* Network */ = {
			isa = PBXGroup;
			children = (
				F926015A1BE0B36200F8FF3C /* ISSConnect.h */,
				F926015B1BE0B36200F8FF3C /* ISSConnect.m */,
				F98314571BE313BA000718A4 /* TBNetWorkManager.h */,
				F98314581BE313BA000718A4 /* TBNetWorkManager.m */,
				F983145A1BE31DAC000718A4 /* TBURLResponse.h */,
				F983145B1BE31DAC000718A4 /* TBURLResponse.m */,
				F983145D1BE31E0A000718A4 /* TBNetworkConfig.h */,
			);
			path = Network;
			sourceTree = "<group>";
		};
/* End PBXGroup section */

/* Begin PBXNativeTarget section */
		F97406C21BDF55DE0070F67E /* SaasApp */ = {
			isa = PBXNativeTarget;
			buildConfigurationList = F97406F01BDF55DE0070F67E /* Build configuration list for PBXNativeTarget "SaasApp" */;
			buildPhases = (
				9386E599999EF13F1FF62A4B /* Check Pods Manifest.lock */,
				F97406BF1BDF55DE0070F67E /* Sources */,
				F97406C01BDF55DE0070F67E /* Frameworks */,
				F97406C11BDF55DE0070F67E /* Resources */,
				6B61CA4E3A4C565E2E3DA08E /* Copy Pods Resources */,
			);
			buildRules = (
			);
			dependencies = (
			);
			name = SaasApp;
			productName = SaasApp;
			productReference = F97406C31BDF55DE0070F67E /* SaasApp.app */;
			productType = "com.apple.product-type.application";
		};
		F97406DB1BDF55DE0070F67E /* SaasAppTests */ = {
			isa = PBXNativeTarget;
			buildConfigurationList = F97406F31BDF55DE0070F67E /* Build configuration list for PBXNativeTarget "SaasAppTests" */;
			buildPhases = (
				F97406D81BDF55DE0070F67E /* Sources */,
				F97406D91BDF55DE0070F67E /* Frameworks */,
				F97406DA1BDF55DE0070F67E /* Resources */,
			);
			buildRules = (
			);
			dependencies = (
				F97406DE1BDF55DE0070F67E /* PBXTargetDependency */,
			);
			name = SaasAppTests;
			productName = SaasAppTests;
			productReference = F97406DC1BDF55DE0070F67E /* SaasAppTests.xctest */;
			productType = "com.apple.product-type.bundle.unit-test";
		};
		F97406E61BDF55DE0070F67E /* SaasAppUITests */ = {
			isa = PBXNativeTarget;
			buildConfigurationList = F97406F61BDF55DE0070F67E /* Build configuration list for PBXNativeTarget "SaasAppUITests" */;
			buildPhases = (
				F97406E31BDF55DE0070F67E /* Sources */,
				F97406E41BDF55DE0070F67E /* Frameworks */,
				F97406E51BDF55DE0070F67E /* Resources */,
			);
			buildRules = (
			);
			dependencies = (
				F97406E91BDF55DE0070F67E /* PBXTargetDependency */,
			);
			name = SaasAppUITests;
			productName = SaasAppUITests;
			productReference = F97406E71BDF55DE0070F67E /* SaasAppUITests.xctest */;
			productType = "com.apple.product-type.bundle.ui-testing";
		};
/* End PBXNativeTarget section */

/* Begin PBXProject section */
		F97406BB1BDF55DE0070F67E /* Project object */ = {
			isa = PBXProject;
			attributes = {
				LastUpgradeCheck = 0700;
				ORGANIZATIONNAME = ToothBond;
				TargetAttributes = {
					F97406C21BDF55DE0070F67E = {
						CreatedOnToolsVersion = 7.0;
					};
					F97406DB1BDF55DE0070F67E = {
						CreatedOnToolsVersion = 7.0;
						TestTargetID = F97406C21BDF55DE0070F67E;
					};
					F97406E61BDF55DE0070F67E = {
						CreatedOnToolsVersion = 7.0;
						TestTargetID = F97406C21BDF55DE0070F67E;
					};
				};
			};
			buildConfigurationList = F97406BE1BDF55DE0070F67E /* Build configuration list for PBXProject "SaasApp" */;
			compatibilityVersion = "Xcode 3.2";
			developmentRegion = English;
			hasScannedForEncodings = 0;
			knownRegions = (
				en,
				Base,
			);
			mainGroup = F97406BA1BDF55DE0070F67E;
			productRefGroup = F97406C41BDF55DE0070F67E /* Products */;
			projectDirPath = "";
			projectRoot = "";
			targets = (
				F97406C21BDF55DE0070F67E /* SaasApp */,
				F97406DB1BDF55DE0070F67E /* SaasAppTests */,
				F97406E61BDF55DE0070F67E /* SaasAppUITests */,
			);
		};
/* End PBXProject section */

/* Begin PBXResourcesBuildPhase section */
		F97406C11BDF55DE0070F67E /* Resources */ = {
			isa = PBXResourcesBuildPhase;
			buildActionMask = 2147483647;
			files = (
				F9581EE11BDF83AB007AC947 /* Assets.xcassets in Resources */,
			);
			runOnlyForDeploymentPostprocessing = 0;
		};
		F97406DA1BDF55DE0070F67E /* Resources */ = {
			isa = PBXResourcesBuildPhase;
			buildActionMask = 2147483647;
			files = (
			);
			runOnlyForDeploymentPostprocessing = 0;
		};
		F97406E51BDF55DE0070F67E /* Resources */ = {
			isa = PBXResourcesBuildPhase;
			buildActionMask = 2147483647;
			files = (
			);
			runOnlyForDeploymentPostprocessing = 0;
		};
/* End PBXResourcesBuildPhase section */

/* Begin PBXShellScriptBuildPhase section */
		6B61CA4E3A4C565E2E3DA08E /* Copy Pods Resources */ = {
			isa = PBXShellScriptBuildPhase;
			buildActionMask = 2147483647;
			files = (
			);
			inputPaths = (
			);
			name = "Copy Pods Resources";
			outputPaths = (
			);
			runOnlyForDeploymentPostprocessing = 0;
			shellPath = /bin/sh;
			shellScript = "\"${SRCROOT}/Pods/Target Support Files/Pods/Pods-resources.sh\"\n";
			showEnvVarsInLog = 0;
		};
		9386E599999EF13F1FF62A4B /* Check Pods Manifest.lock */ = {
			isa = PBXShellScriptBuildPhase;
			buildActionMask = 2147483647;
			files = (
			);
			inputPaths = (
			);
			name = "Check Pods Manifest.lock";
			outputPaths = (
			);
			runOnlyForDeploymentPostprocessing = 0;
			shellPath = /bin/sh;
			shellScript = "diff \"${PODS_ROOT}/../Podfile.lock\" \"${PODS_ROOT}/Manifest.lock\" > /dev/null\nif [[ $? != 0 ]] ; then\n    cat << EOM\nerror: The sandbox is not in sync with the Podfile.lock. Run 'pod install' or update your CocoaPods installation.\nEOM\n    exit 1\nfi\n";
			showEnvVarsInLog = 0;
		};
/* End PBXShellScriptBuildPhase section */

/* Begin PBXSourcesBuildPhase section */
		F97406BF1BDF55DE0070F67E /* Sources */ = {
			isa = PBXSourcesBuildPhase;
			buildActionMask = 2147483647;
			files = (
				F983145C1BE31DAC000718A4 /* TBURLResponse.m in Sources */,
				F98314591BE313BA000718A4 /* TBNetWorkManager.m in Sources */,
				F926015C1BE0B36200F8FF3C /* ISSConnect.m in Sources */,
				F9581EDF1BDF83A2007AC947 /* MainController.m in Sources */,
				F9581EDC1BDF838E007AC947 /* main.m in Sources */,
				F9581EDB1BDF838E007AC947 /* AppDelegate.m in Sources */,
			);
			runOnlyForDeploymentPostprocessing = 0;
		};
		F97406D81BDF55DE0070F67E /* Sources */ = {
			isa = PBXSourcesBuildPhase;
			buildActionMask = 2147483647;
			files = (
				F97406E11BDF55DE0070F67E /* SaasAppTests.m in Sources */,
			);
			runOnlyForDeploymentPostprocessing = 0;
		};
		F97406E31BDF55DE0070F67E /* Sources */ = {
			isa = PBXSourcesBuildPhase;
			buildActionMask = 2147483647;
			files = (
				F97406EC1BDF55DE0070F67E /* SaasAppUITests.m in Sources */,
			);
			runOnlyForDeploymentPostprocessing = 0;
		};
/* End PBXSourcesBuildPhase section */

/* Begin PBXTargetDependency section */
		F97406DE1BDF55DE0070F67E /* PBXTargetDependency */ = {
			isa = PBXTargetDependency;
			target = F97406C21BDF55DE0070F67E /* SaasApp */;
			targetProxy = F97406DD1BDF55DE0070F67E /* PBXContainerItemProxy */;
		};
		F97406E91BDF55DE0070F67E /* PBXTargetDependency */ = {
			isa = PBXTargetDependency;
			target = F97406C21BDF55DE0070F67E /* SaasApp */;
			targetProxy = F97406E81BDF55DE0070F67E /* PBXContainerItemProxy */;
		};
/* End PBXTargetDependency section */

/* Begin XCBuildConfiguration section */
		F97406EE1BDF55DE0070F67E /* Debug */ = {
			isa = XCBuildConfiguration;
			buildSettings = {
				ALWAYS_SEARCH_USER_PATHS = NO;
				CLANG_CXX_LANGUAGE_STANDARD = "gnu++0x";
				CLANG_CXX_LIBRARY = "libc++";
				CLANG_ENABLE_MODULES = YES;
				CLANG_ENABLE_OBJC_ARC = YES;
				CLANG_WARN_BOOL_CONVERSION = YES;
				CLANG_WARN_CONSTANT_CONVERSION = YES;
				CLANG_WARN_DIRECT_OBJC_ISA_USAGE = YES_ERROR;
				CLANG_WARN_EMPTY_BODY = YES;
				CLANG_WARN_ENUM_CONVERSION = YES;
				CLANG_WARN_INT_CONVERSION = YES;
				CLANG_WARN_OBJC_ROOT_CLASS = YES_ERROR;
				CLANG_WARN_UNREACHABLE_CODE = YES;
				CLANG_WARN__DUPLICATE_METHOD_MATCH = YES;
				"CODE_SIGN_IDENTITY[sdk=iphoneos*]" = "iPhone Developer";
				COPY_PHASE_STRIP = NO;
				DEBUG_INFORMATION_FORMAT = dwarf;
				ENABLE_STRICT_OBJC_MSGSEND = YES;
				ENABLE_TESTABILITY = YES;
				GCC_C_LANGUAGE_STANDARD = gnu99;
				GCC_DYNAMIC_NO_PIC = NO;
				GCC_NO_COMMON_BLOCKS = YES;
				GCC_OPTIMIZATION_LEVEL = 0;
				GCC_PREPROCESSOR_DEFINITIONS = (
					"DEBUG=1",
					"$(inherited)",
				);
				GCC_WARN_64_TO_32_BIT_CONVERSION = YES;
				GCC_WARN_ABOUT_RETURN_TYPE = YES_ERROR;
				GCC_WARN_UNDECLARED_SELECTOR = YES;
				GCC_WARN_UNINITIALIZED_AUTOS = YES_AGGRESSIVE;
				GCC_WARN_UNUSED_FUNCTION = YES;
				GCC_WARN_UNUSED_VARIABLE = YES;
				IPHONEOS_DEPLOYMENT_TARGET = 9.0;
				MTL_ENABLE_DEBUG_INFO = YES;
				ONLY_ACTIVE_ARCH = YES;
				SDKROOT = iphoneos;
			};
			name = Debug;
		};
		F97406EF1BDF55DE0070F67E /* Release */ = {
			isa = XCBuildConfiguration;
			buildSettings = {
				ALWAYS_SEARCH_USER_PATHS = NO;
				CLANG_CXX_LANGUAGE_STANDARD = "gnu++0x";
				CLANG_CXX_LIBRARY = "libc++";
				CLANG_ENABLE_MODULES = YES;
				CLANG_ENABLE_OBJC_ARC = YES;
				CLANG_WARN_BOOL_CONVERSION = YES;
				CLANG_WARN_CONSTANT_CONVERSION = YES;
				CLANG_WARN_DIRECT_OBJC_ISA_USAGE = YES_ERROR;
				CLANG_WARN_EMPTY_BODY = YES;
				CLANG_WARN_ENUM_CONVERSION = YES;
				CLANG_WARN_INT_CONVERSION = YES;
				CLANG_WARN_OBJC_ROOT_CLASS = YES_ERROR;
				CLANG_WARN_UNREACHABLE_CODE = YES;
				CLANG_WARN__DUPLICATE_METHOD_MATCH = YES;
				"CODE_SIGN_IDENTITY[sdk=iphoneos*]" = "iPhone Developer";
				COPY_PHASE_STRIP = NO;
				DEBUG_INFORMATION_FORMAT = "dwarf-with-dsym";
				ENABLE_NS_ASSERTIONS = NO;
				ENABLE_STRICT_OBJC_MSGSEND = YES;
				GCC_C_LANGUAGE_STANDARD = gnu99;
				GCC_NO_COMMON_BLOCKS = YES;
				GCC_WARN_64_TO_32_BIT_CONVERSION = YES;
				GCC_WARN_ABOUT_RETURN_TYPE = YES_ERROR;
				GCC_WARN_UNDECLARED_SELECTOR = YES;
				GCC_WARN_UNINITIALIZED_AUTOS = YES_AGGRESSIVE;
				GCC_WARN_UNUSED_FUNCTION = YES;
				GCC_WARN_UNUSED_VARIABLE = YES;
				IPHONEOS_DEPLOYMENT_TARGET = 9.0;
				MTL_ENABLE_DEBUG_INFO = NO;
				SDKROOT = iphoneos;
				VALIDATE_PRODUCT = YES;
			};
			name = Release;
		};
		F97406F11BDF55DE0070F67E /* Debug */ = {
			isa = XCBuildConfiguration;
			baseConfigurationReference = E2A8297BD24CE98B733B8970 /* Pods.debug.xcconfig */;
			buildSettings = {
				ASSETCATALOG_COMPILER_APPICON_NAME = AppIcon;
				ASSETCATALOG_COMPILER_LAUNCHIMAGE_NAME = LaunchImage;
				GCC_PRECOMPILE_PREFIX_HEADER = YES;
				GCC_PREFIX_HEADER = SaasApp/Saas_PrefixHeader.pch;
				INFOPLIST_FILE = "$(SRCROOT)/SaasApp/Resource/Xml/Info.plist";
				IPHONEOS_DEPLOYMENT_TARGET = 7.0;
				LD_RUNPATH_SEARCH_PATHS = "$(inherited) @executable_path/Frameworks";
				PRODUCT_BUNDLE_IDENTIFIER = com.rensq.SaasApp;
				PRODUCT_NAME = "$(TARGET_NAME)";
			};
			name = Debug;
		};
		F97406F21BDF55DE0070F67E /* Release */ = {
			isa = XCBuildConfiguration;
			baseConfigurationReference = 5270ED2DD26C462B9EA5A85A /* Pods.release.xcconfig */;
			buildSettings = {
				ASSETCATALOG_COMPILER_APPICON_NAME = AppIcon;
				ASSETCATALOG_COMPILER_LAUNCHIMAGE_NAME = LaunchImage;
				GCC_PRECOMPILE_PREFIX_HEADER = YES;
				GCC_PREFIX_HEADER = SaasApp/Saas_PrefixHeader.pch;
				INFOPLIST_FILE = "$(SRCROOT)/SaasApp/Resource/Xml/Info.plist";
				IPHONEOS_DEPLOYMENT_TARGET = 7.0;
				LD_RUNPATH_SEARCH_PATHS = "$(inherited) @executable_path/Frameworks";
				PRODUCT_BUNDLE_IDENTIFIER = com.rensq.SaasApp;
				PRODUCT_NAME = "$(TARGET_NAME)";
			};
			name = Release;
		};
		F97406F41BDF55DE0070F67E /* Debug */ = {
			isa = XCBuildConfiguration;
			buildSettings = {
				BUNDLE_LOADER = "$(TEST_HOST)";
				INFOPLIST_FILE = SaasAppTests/Info.plist;
				LD_RUNPATH_SEARCH_PATHS = "$(inherited) @executable_path/Frameworks @loader_path/Frameworks";
				PRODUCT_BUNDLE_IDENTIFIER = com.rensq.SaasAppTests;
				PRODUCT_NAME = "$(TARGET_NAME)";
				TEST_HOST = "$(BUILT_PRODUCTS_DIR)/SaasApp.app/SaasApp";
			};
			name = Debug;
		};
		F97406F51BDF55DE0070F67E /* Release */ = {
			isa = XCBuildConfiguration;
			buildSettings = {
				BUNDLE_LOADER = "$(TEST_HOST)";
				INFOPLIST_FILE = SaasAppTests/Info.plist;
				LD_RUNPATH_SEARCH_PATHS = "$(inherited) @executable_path/Frameworks @loader_path/Frameworks";
				PRODUCT_BUNDLE_IDENTIFIER = com.rensq.SaasAppTests;
				PRODUCT_NAME = "$(TARGET_NAME)";
				TEST_HOST = "$(BUILT_PRODUCTS_DIR)/SaasApp.app/SaasApp";
			};
			name = Release;
		};
		F97406F71BDF55DE0070F67E /* Debug */ = {
			isa = XCBuildConfiguration;
			buildSettings = {
				INFOPLIST_FILE = SaasAppUITests/Info.plist;
				LD_RUNPATH_SEARCH_PATHS = "$(inherited) @executable_path/Frameworks @loader_path/Frameworks";
				PRODUCT_BUNDLE_IDENTIFIER = com.rensq.SaasAppUITests;
				PRODUCT_NAME = "$(TARGET_NAME)";
				TEST_TARGET_NAME = SaasApp;
				USES_XCTRUNNER = YES;
			};
			name = Debug;
		};
		F97406F81BDF55DE0070F67E /* Release */ = {
			isa = XCBuildConfiguration;
			buildSettings = {
				INFOPLIST_FILE = SaasAppUITests/Info.plist;
				LD_RUNPATH_SEARCH_PATHS = "$(inherited) @executable_path/Frameworks @loader_path/Frameworks";
				PRODUCT_BUNDLE_IDENTIFIER = com.rensq.SaasAppUITests;
				PRODUCT_NAME = "$(TARGET_NAME)";
				TEST_TARGET_NAME = SaasApp;
				USES_XCTRUNNER = YES;
			};
			name = Release;
		};
/* End XCBuildConfiguration section */

/* Begin XCConfigurationList section */
		F97406BE1BDF55DE0070F67E /* Build configuration list for PBXProject "SaasApp" */ = {
			isa = XCConfigurationList;
			buildConfigurations = (
				F97406EE1BDF55DE0070F67E /* Debug */,
				F97406EF1BDF55DE0070F67E /* Release */,
			);
			defaultConfigurationIsVisible = 0;
			defaultConfigurationName = Release;
		};
		F97406F01BDF55DE0070F67E /* Build configuration list for PBXNativeTarget "SaasApp" */ = {
			isa = XCConfigurationList;
			buildConfigurations = (
				F97406F11BDF55DE0070F67E /* Debug */,
				F97406F21BDF55DE0070F67E /* Release */,
			);
			defaultConfigurationIsVisible = 0;
			defaultConfigurationName = Release;
		};
		F97406F31BDF55DE0070F67E /* Build configuration list for PBXNativeTarget "SaasAppTests" */ = {
			isa = XCConfigurationList;
			buildConfigurations = (
				F97406F41BDF55DE0070F67E /* Debug */,
				F97406F51BDF55DE0070F67E /* Release */,
			);
			defaultConfigurationIsVisible = 0;
			defaultConfigurationName = Release;
		};
		F97406F61BDF55DE0070F67E /* Build configuration list for PBXNativeTarget "SaasAppUITests" */ = {
			isa = XCConfigurationList;
			buildConfigurations = (
				F97406F71BDF55DE0070F67E /* Debug */,
				F97406F81BDF55DE0070F67E /* Release */,
			);
			defaultConfigurationIsVisible = 0;
			defaultConfigurationName = Release;
		};
/* End XCConfigurationList section */
	};
	rootObject = F97406BB1BDF55DE0070F67E /* Project object */;
}
