// !$*UTF8*$!
{
	archiveVersion = 1;
	classes = {
	};
	objectVersion = 46;
	objects = {

/* Begin PBXBuildFile section */
		5C78D2225BCFEE18033D1D50 /* libPods-SaasApp.a in Frameworks */ = {isa = PBXBuildFile; fileRef = 876987228D7F021B10513C81 /* libPods-SaasApp.a */; };
		8F867006C99A3EEDF265BA2C /* libPods.a in Frameworks */ = {isa = PBXBuildFile; fileRef = F413C340A9A57AD93C448476 /* libPods.a */; };
		AB598337FCA715A43CD61912 /* libPods.a in Frameworks */ = {isa = PBXBuildFile; fileRef = F413C340A9A57AD93C448476 /* libPods.a */; };
		F9581EDB1BDF838E007AC947 /* AppDelegate.m in Sources */ = {isa = PBXBuildFile; fileRef = F9581ED91BDF838E007AC947 /* AppDelegate.m */; };
		F9581EDC1BDF838E007AC947 /* main.m in Sources */ = {isa = PBXBuildFile; fileRef = F9581EDA1BDF838E007AC947 /* main.m */; };
		F9581EDF1BDF83A2007AC947 /* MainController.m in Sources */ = {isa = PBXBuildFile; fileRef = F9581EDE1BDF83A2007AC947 /* MainController.m */; };
		F9581EE11BDF83AB007AC947 /* Assets.xcassets in Resources */ = {isa = PBXBuildFile; fileRef = F9581EE01BDF83AB007AC947 /* Assets.xcassets */; };
		F97406E11BDF55DE0070F67E /* SaasAppTests.m in Sources */ = {isa = PBXBuildFile; fileRef = F97406E01BDF55DE0070F67E /* SaasAppTests.m */; };
		F97406EC1BDF55DE0070F67E /* SaasAppUITests.m in Sources */ = {isa = PBXBuildFile; fileRef = F97406EB1BDF55DE0070F67E /* SaasAppUITests.m */; };
		F9F576621C61A2970014D9FD /* TBBaseController.m in Sources */ = {isa = PBXBuildFile; fileRef = F9F5765F1C61A2970014D9FD /* TBBaseController.m */; };
		F9F576631C61A2970014D9FD /* TBBaseView.m in Sources */ = {isa = PBXBuildFile; fileRef = F9F576611C61A2970014D9FD /* TBBaseView.m */; };
		F9F576731C61A3420014D9FD /* CustomPickView.m in Sources */ = {isa = PBXBuildFile; fileRef = F9F576661C61A3420014D9FD /* CustomPickView.m */; };
		F9F576741C61A3420014D9FD /* DZNSegmentedControl.m in Sources */ = {isa = PBXBuildFile; fileRef = F9F576681C61A3420014D9FD /* DZNSegmentedControl.m */; };
		F9F576751C61A3420014D9FD /* TBButton.m in Sources */ = {isa = PBXBuildFile; fileRef = F9F5766A1C61A3420014D9FD /* TBButton.m */; };
		F9F576761C61A3420014D9FD /* TBLoadingView.m in Sources */ = {isa = PBXBuildFile; fileRef = F9F5766C1C61A3420014D9FD /* TBLoadingView.m */; };
		F9F576771C61A3420014D9FD /* TBScrollView.m in Sources */ = {isa = PBXBuildFile; fileRef = F9F5766E1C61A3420014D9FD /* TBScrollView.m */; };
		F9F576781C61A3420014D9FD /* UIPlaceholderTextView.m in Sources */ = {isa = PBXBuildFile; fileRef = F9F576701C61A3420014D9FD /* UIPlaceholderTextView.m */; };
		F9F576791C61A3420014D9FD /* UIScrollView+DZNSegmentedControl.m in Sources */ = {isa = PBXBuildFile; fileRef = F9F576721C61A3420014D9FD /* UIScrollView+DZNSegmentedControl.m */; };
		F9F576801C61A5D60014D9FD /* FirstController.m in Sources */ = {isa = PBXBuildFile; fileRef = F9F5767F1C61A5D60014D9FD /* FirstController.m */; };
		F9F576831C61A7300014D9FD /* SecondController.m in Sources */ = {isa = PBXBuildFile; fileRef = F9F576821C61A7300014D9FD /* SecondController.m */; };
		F9F576861C61A7540014D9FD /* ThirdController.m in Sources */ = {isa = PBXBuildFile; fileRef = F9F576851C61A7540014D9FD /* ThirdController.m */; };
		F9F576891C61D2C70014D9FD /* TableFieldController.m in Sources */ = {isa = PBXBuildFile; fileRef = F9F576881C61D2C70014D9FD /* TableFieldController.m */; };
		F9F576AE1C61DFF90014D9FD /* IQNSArray+Sort.m in Sources */ = {isa = PBXBuildFile; fileRef = F9F5768D1C61DFF90014D9FD /* IQNSArray+Sort.m */; };
		F9F576AF1C61DFF90014D9FD /* IQUIScrollView+Additions.m in Sources */ = {isa = PBXBuildFile; fileRef = F9F5768F1C61DFF90014D9FD /* IQUIScrollView+Additions.m */; };
		F9F576B01C61DFF90014D9FD /* IQUITextFieldView+Additions.m in Sources */ = {isa = PBXBuildFile; fileRef = F9F576911C61DFF90014D9FD /* IQUITextFieldView+Additions.m */; };
		F9F576B11C61DFF90014D9FD /* IQUIView+Hierarchy.m in Sources */ = {isa = PBXBuildFile; fileRef = F9F576931C61DFF90014D9FD /* IQUIView+Hierarchy.m */; };
		F9F576B21C61DFF90014D9FD /* IQUIViewController+Additions.m in Sources */ = {isa = PBXBuildFile; fileRef = F9F576951C61DFF90014D9FD /* IQUIViewController+Additions.m */; };
		F9F576B31C61DFF90014D9FD /* IQUIWindow+Hierarchy.m in Sources */ = {isa = PBXBuildFile; fileRef = F9F576971C61DFF90014D9FD /* IQUIWindow+Hierarchy.m */; };
		F9F576B41C61DFF90014D9FD /* IQKeyboardManager.m in Sources */ = {isa = PBXBuildFile; fileRef = F9F5769C1C61DFF90014D9FD /* IQKeyboardManager.m */; };
		F9F576B51C61DFF90014D9FD /* IQKeyboardReturnKeyHandler.m in Sources */ = {isa = PBXBuildFile; fileRef = F9F5769E1C61DFF90014D9FD /* IQKeyboardReturnKeyHandler.m */; };
		F9F576B61C61DFF90014D9FD /* IQTextView.m in Sources */ = {isa = PBXBuildFile; fileRef = F9F576A11C61DFF90014D9FD /* IQTextView.m */; };
		F9F576B71C61DFF90014D9FD /* IQBarButtonItem.m in Sources */ = {isa = PBXBuildFile; fileRef = F9F576A41C61DFF90014D9FD /* IQBarButtonItem.m */; };
		F9F576B81C61DFF90014D9FD /* IQTitleBarButtonItem.m in Sources */ = {isa = PBXBuildFile; fileRef = F9F576A61C61DFF90014D9FD /* IQTitleBarButtonItem.m */; };
		F9F576B91C61DFF90014D9FD /* IQToolbar.m in Sources */ = {isa = PBXBuildFile; fileRef = F9F576A81C61DFF90014D9FD /* IQToolbar.m */; };
		F9F576BA1C61DFF90014D9FD /* IQUIView+IQKeyboardToolbar.m in Sources */ = {isa = PBXBuildFile; fileRef = F9F576AA1C61DFF90014D9FD /* IQUIView+IQKeyboardToolbar.m */; };
		F9F576BB1C61DFF90014D9FD /* IQKeyboardManager.bundle in Resources */ = {isa = PBXBuildFile; fileRef = F9F576AD1C61DFF90014D9FD /* IQKeyboardManager.bundle */; };
		F9F5D2901C2CF14200AA431B /* JSONKit.m in Sources */ = {isa = PBXBuildFile; fileRef = F9F5D28F1C2CF14200AA431B /* JSONKit.m */; settings = {COMPILER_FLAGS = "-fno-objc-arc"; }; };
		F9F5D2A11C2CF17C00AA431B /* RequestDictionarySerializer.m in Sources */ = {isa = PBXBuildFile; fileRef = F9F5D2931C2CF17C00AA431B /* RequestDictionarySerializer.m */; };
		F9F5D2A21C2CF17C00AA431B /* ResponseDataSerializer.m in Sources */ = {isa = PBXBuildFile; fileRef = F9F5D2951C2CF17C00AA431B /* ResponseDataSerializer.m */; };
		F9F5D2A31C2CF17C00AA431B /* TBBaseNetwork.m in Sources */ = {isa = PBXBuildFile; fileRef = F9F5D2971C2CF17C00AA431B /* TBBaseNetwork.m */; };
		F9F5D2A41C2CF17C00AA431B /* TBCacheObject.m in Sources */ = {isa = PBXBuildFile; fileRef = F9F5D2991C2CF17C00AA431B /* TBCacheObject.m */; };
		F9F5D2A51C2CF17C00AA431B /* TBCacheTool.m in Sources */ = {isa = PBXBuildFile; fileRef = F9F5D29B1C2CF17C00AA431B /* TBCacheTool.m */; };
		F9F5D2A61C2CF17C00AA431B /* TBResponse.m in Sources */ = {isa = PBXBuildFile; fileRef = F9F5D29E1C2CF17C00AA431B /* TBResponse.m */; };
		F9F5D2A71C2CF17C00AA431B /* TokenRequestSerializer.m in Sources */ = {isa = PBXBuildFile; fileRef = F9F5D2A01C2CF17C00AA431B /* TokenRequestSerializer.m */; };
		F9F5D2C21C2CF19800AA431B /* NSDate+CL.m in Sources */ = {isa = PBXBuildFile; fileRef = F9F5D2AA1C2CF19800AA431B /* NSDate+CL.m */; };
		F9F5D2C31C2CF19800AA431B /* NSDictionary+CL.m in Sources */ = {isa = PBXBuildFile; fileRef = F9F5D2AC1C2CF19800AA431B /* NSDictionary+CL.m */; };
		F9F5D2C41C2CF19800AA431B /* NSString+TBString.m in Sources */ = {isa = PBXBuildFile; fileRef = F9F5D2AE1C2CF19800AA431B /* NSString+TBString.m */; };
		F9F5D2C51C2CF19800AA431B /* UIColor+CL.m in Sources */ = {isa = PBXBuildFile; fileRef = F9F5D2B01C2CF19800AA431B /* UIColor+CL.m */; };
		F9F5D2C61C2CF19800AA431B /* UIFont+TBFont.m in Sources */ = {isa = PBXBuildFile; fileRef = F9F5D2B21C2CF19800AA431B /* UIFont+TBFont.m */; };
		F9F5D2C71C2CF19800AA431B /* UIImage+TBColor.m in Sources */ = {isa = PBXBuildFile; fileRef = F9F5D2B41C2CF19800AA431B /* UIImage+TBColor.m */; };
		F9F5D2C81C2CF19800AA431B /* UIView+TBView.m in Sources */ = {isa = PBXBuildFile; fileRef = F9F5D2B61C2CF19800AA431B /* UIView+TBView.m */; };
		F9F5D2C91C2CF19800AA431B /* CacheManager.m in Sources */ = {isa = PBXBuildFile; fileRef = F9F5D2B91C2CF19800AA431B /* CacheManager.m */; };
		F9F5D2CA1C2CF19800AA431B /* StringUtils.m in Sources */ = {isa = PBXBuildFile; fileRef = F9F5D2BB1C2CF19800AA431B /* StringUtils.m */; };
		F9F5D2CC1C2CF19800AA431B /* TimeMachine.m in Sources */ = {isa = PBXBuildFile; fileRef = F9F5D2BF1C2CF19800AA431B /* TimeMachine.m */; };
		F9F5D2CD1C2CF19800AA431B /* UIInfomationView.m in Sources */ = {isa = PBXBuildFile; fileRef = F9F5D2C11C2CF19800AA431B /* UIInfomationView.m */; };
/* End PBXBuildFile section */

/* Begin PBXContainerItemProxy section */
		F97406DD1BDF55DE0070F67E /* PBXContainerItemProxy */ = {
			isa = PBXContainerItemProxy;
			containerPortal = F97406BB1BDF55DE0070F67E /* Project object */;
			proxyType = 1;
			remoteGlobalIDString = F97406C21BDF55DE0070F67E;
			remoteInfo = SaasApp;
		};
		F97406E81BDF55DE0070F67E /* PBXContainerItemProxy */ = {
			isa = PBXContainerItemProxy;
			containerPortal = F97406BB1BDF55DE0070F67E /* Project object */;
			proxyType = 1;
			remoteGlobalIDString = F97406C21BDF55DE0070F67E;
			remoteInfo = SaasApp;
		};
/* End PBXContainerItemProxy section */

/* Begin PBXFileReference section */
		5270ED2DD26C462B9EA5A85A /* Pods.release.xcconfig */ = {isa = PBXFileReference; includeInIndex = 1; lastKnownFileType = text.xcconfig; name = Pods.release.xcconfig; path = "Pods/Target Support Files/Pods/Pods.release.xcconfig"; sourceTree = "<group>"; };
		876987228D7F021B10513C81 /* libPods-SaasApp.a */ = {isa = PBXFileReference; explicitFileType = archive.ar; includeInIndex = 0; path = "libPods-SaasApp.a"; sourceTree = BUILT_PRODUCTS_DIR; };
		E2A8297BD24CE98B733B8970 /* Pods.debug.xcconfig */ = {isa = PBXFileReference; includeInIndex = 1; lastKnownFileType = text.xcconfig; name = Pods.debug.xcconfig; path = "Pods/Target Support Files/Pods/Pods.debug.xcconfig"; sourceTree = "<group>"; };
		F413C340A9A57AD93C448476 /* libPods.a */ = {isa = PBXFileReference; explicitFileType = archive.ar; includeInIndex = 0; path = libPods.a; sourceTree = BUILT_PRODUCTS_DIR; };
		F9581ED81BDF838E007AC947 /* AppDelegate.h */ = {isa = PBXFileReference; fileEncoding = 4; lastKnownFileType = sourcecode.c.h; path = AppDelegate.h; sourceTree = "<group>"; };
		F9581ED91BDF838E007AC947 /* AppDelegate.m */ = {isa = PBXFileReference; fileEncoding = 4; lastKnownFileType = sourcecode.c.objc; path = AppDelegate.m; sourceTree = "<group>"; };
		F9581EDA1BDF838E007AC947 /* main.m */ = {isa = PBXFileReference; fileEncoding = 4; lastKnownFileType = sourcecode.c.objc; path = main.m; sourceTree = "<group>"; };
		F9581EDD1BDF83A2007AC947 /* MainController.h */ = {isa = PBXFileReference; fileEncoding = 4; lastKnownFileType = sourcecode.c.h; path = MainController.h; sourceTree = "<group>"; };
		F9581EDE1BDF83A2007AC947 /* MainController.m */ = {isa = PBXFileReference; fileEncoding = 4; lastKnownFileType = sourcecode.c.objc; path = MainController.m; sourceTree = "<group>"; };
		F9581EE01BDF83AB007AC947 /* Assets.xcassets */ = {isa = PBXFileReference; lastKnownFileType = folder.assetcatalog; path = Assets.xcassets; sourceTree = "<group>"; };
		F9581EE21BDF83B1007AC947 /* Info.plist */ = {isa = PBXFileReference; fileEncoding = 4; lastKnownFileType = text.plist.xml; path = Info.plist; sourceTree = "<group>"; };
		F97406C31BDF55DE0070F67E /* SaasApp.app */ = {isa = PBXFileReference; explicitFileType = wrapper.application; includeInIndex = 0; path = SaasApp.app; sourceTree = BUILT_PRODUCTS_DIR; };
		F97406DC1BDF55DE0070F67E /* SaasAppTests.xctest */ = {isa = PBXFileReference; explicitFileType = wrapper.cfbundle; includeInIndex = 0; path = SaasAppTests.xctest; sourceTree = BUILT_PRODUCTS_DIR; };
		F97406E01BDF55DE0070F67E /* SaasAppTests.m */ = {isa = PBXFileReference; lastKnownFileType = sourcecode.c.objc; path = SaasAppTests.m; sourceTree = "<group>"; };
		F97406E21BDF55DE0070F67E /* Info.plist */ = {isa = PBXFileReference; lastKnownFileType = text.plist.xml; path = Info.plist; sourceTree = "<group>"; };
		F97406E71BDF55DE0070F67E /* SaasAppUITests.xctest */ = {isa = PBXFileReference; explicitFileType = wrapper.cfbundle; includeInIndex = 0; path = SaasAppUITests.xctest; sourceTree = BUILT_PRODUCTS_DIR; };
		F97406EB1BDF55DE0070F67E /* SaasAppUITests.m */ = {isa = PBXFileReference; lastKnownFileType = sourcecode.c.objc; path = SaasAppUITests.m; sourceTree = "<group>"; };
		F97406ED1BDF55DE0070F67E /* Info.plist */ = {isa = PBXFileReference; lastKnownFileType = text.plist.xml; path = Info.plist; sourceTree = "<group>"; };
		F983145E1BE31EF4000718A4 /* Saas_PrefixHeader.pch */ = {isa = PBXFileReference; lastKnownFileType = sourcecode.c.h; path = Saas_PrefixHeader.pch; sourceTree = "<group>"; };
		F9F5765E1C61A2970014D9FD /* TBBaseController.h */ = {isa = PBXFileReference; fileEncoding = 4; lastKnownFileType = sourcecode.c.h; path = TBBaseController.h; sourceTree = "<group>"; };
		F9F5765F1C61A2970014D9FD /* TBBaseController.m */ = {isa = PBXFileReference; fileEncoding = 4; lastKnownFileType = sourcecode.c.objc; path = TBBaseController.m; sourceTree = "<group>"; };
		F9F576601C61A2970014D9FD /* TBBaseView.h */ = {isa = PBXFileReference; fileEncoding = 4; lastKnownFileType = sourcecode.c.h; path = TBBaseView.h; sourceTree = "<group>"; };
		F9F576611C61A2970014D9FD /* TBBaseView.m */ = {isa = PBXFileReference; fileEncoding = 4; lastKnownFileType = sourcecode.c.objc; path = TBBaseView.m; sourceTree = "<group>"; };
		F9F576651C61A3420014D9FD /* CustomPickView.h */ = {isa = PBXFileReference; fileEncoding = 4; lastKnownFileType = sourcecode.c.h; path = CustomPickView.h; sourceTree = "<group>"; };
		F9F576661C61A3420014D9FD /* CustomPickView.m */ = {isa = PBXFileReference; fileEncoding = 4; lastKnownFileType = sourcecode.c.objc; path = CustomPickView.m; sourceTree = "<group>"; };
		F9F576671C61A3420014D9FD /* DZNSegmentedControl.h */ = {isa = PBXFileReference; fileEncoding = 4; lastKnownFileType = sourcecode.c.h; path = DZNSegmentedControl.h; sourceTree = "<group>"; };
		F9F576681C61A3420014D9FD /* DZNSegmentedControl.m */ = {isa = PBXFileReference; fileEncoding = 4; lastKnownFileType = sourcecode.c.objc; path = DZNSegmentedControl.m; sourceTree = "<group>"; };
		F9F576691C61A3420014D9FD /* TBButton.h */ = {isa = PBXFileReference; fileEncoding = 4; lastKnownFileType = sourcecode.c.h; path = TBButton.h; sourceTree = "<group>"; };
		F9F5766A1C61A3420014D9FD /* TBButton.m */ = {isa = PBXFileReference; fileEncoding = 4; lastKnownFileType = sourcecode.c.objc; path = TBButton.m; sourceTree = "<group>"; };
		F9F5766B1C61A3420014D9FD /* TBLoadingView.h */ = {isa = PBXFileReference; fileEncoding = 4; lastKnownFileType = sourcecode.c.h; path = TBLoadingView.h; sourceTree = "<group>"; };
		F9F5766C1C61A3420014D9FD /* TBLoadingView.m */ = {isa = PBXFileReference; fileEncoding = 4; lastKnownFileType = sourcecode.c.objc; path = TBLoadingView.m; sourceTree = "<group>"; };
		F9F5766D1C61A3420014D9FD /* TBScrollView.h */ = {isa = PBXFileReference; fileEncoding = 4; lastKnownFileType = sourcecode.c.h; path = TBScrollView.h; sourceTree = "<group>"; };
		F9F5766E1C61A3420014D9FD /* TBScrollView.m */ = {isa = PBXFileReference; fileEncoding = 4; lastKnownFileType = sourcecode.c.objc; path = TBScrollView.m; sourceTree = "<group>"; };
		F9F5766F1C61A3420014D9FD /* UIPlaceholderTextView.h */ = {isa = PBXFileReference; fileEncoding = 4; lastKnownFileType = sourcecode.c.h; path = UIPlaceholderTextView.h; sourceTree = "<group>"; };
		F9F576701C61A3420014D9FD /* UIPlaceholderTextView.m */ = {isa = PBXFileReference; fileEncoding = 4; lastKnownFileType = sourcecode.c.objc; path = UIPlaceholderTextView.m; sourceTree = "<group>"; };
		F9F576711C61A3420014D9FD /* UIScrollView+DZNSegmentedControl.h */ = {isa = PBXFileReference; fileEncoding = 4; lastKnownFileType = sourcecode.c.h; path = "UIScrollView+DZNSegmentedControl.h"; sourceTree = "<group>"; };
		F9F576721C61A3420014D9FD /* UIScrollView+DZNSegmentedControl.m */ = {isa = PBXFileReference; fileEncoding = 4; lastKnownFileType = sourcecode.c.objc; path = "UIScrollView+DZNSegmentedControl.m"; sourceTree = "<group>"; };
		F9F5767E1C61A5D60014D9FD /* FirstController.h */ = {isa = PBXFileReference; fileEncoding = 4; lastKnownFileType = sourcecode.c.h; path = FirstController.h; sourceTree = "<group>"; };
		F9F5767F1C61A5D60014D9FD /* FirstController.m */ = {isa = PBXFileReference; fileEncoding = 4; lastKnownFileType = sourcecode.c.objc; path = FirstController.m; sourceTree = "<group>"; };
		F9F576811C61A7300014D9FD /* SecondController.h */ = {isa = PBXFileReference; fileEncoding = 4; lastKnownFileType = sourcecode.c.h; path = SecondController.h; sourceTree = "<group>"; };
		F9F576821C61A7300014D9FD /* SecondController.m */ = {isa = PBXFileReference; fileEncoding = 4; lastKnownFileType = sourcecode.c.objc; path = SecondController.m; sourceTree = "<group>"; };
		F9F576841C61A7540014D9FD /* ThirdController.h */ = {isa = PBXFileReference; fileEncoding = 4; lastKnownFileType = sourcecode.c.h; path = ThirdController.h; sourceTree = "<group>"; };
		F9F576851C61A7540014D9FD /* ThirdController.m */ = {isa = PBXFileReference; fileEncoding = 4; lastKnownFileType = sourcecode.c.objc; path = ThirdController.m; sourceTree = "<group>"; };
		F9F576871C61D2C70014D9FD /* TableFieldController.h */ = {isa = PBXFileReference; fileEncoding = 4; lastKnownFileType = sourcecode.c.h; path = TableFieldController.h; sourceTree = "<group>"; };
		F9F576881C61D2C70014D9FD /* TableFieldController.m */ = {isa = PBXFileReference; fileEncoding = 4; lastKnownFileType = sourcecode.c.objc; path = TableFieldController.m; sourceTree = "<group>"; };
		F9F5768C1C61DFF90014D9FD /* IQNSArray+Sort.h */ = {isa = PBXFileReference; fileEncoding = 4; lastKnownFileType = sourcecode.c.h; path = "IQNSArray+Sort.h"; sourceTree = "<group>"; };
		F9F5768D1C61DFF90014D9FD /* IQNSArray+Sort.m */ = {isa = PBXFileReference; fileEncoding = 4; lastKnownFileType = sourcecode.c.objc; path = "IQNSArray+Sort.m"; sourceTree = "<group>"; };
		F9F5768E1C61DFF90014D9FD /* IQUIScrollView+Additions.h */ = {isa = PBXFileReference; fileEncoding = 4; lastKnownFileType = sourcecode.c.h; path = "IQUIScrollView+Additions.h"; sourceTree = "<group>"; };
		F9F5768F1C61DFF90014D9FD /* IQUIScrollView+Additions.m */ = {isa = PBXFileReference; fileEncoding = 4; lastKnownFileType = sourcecode.c.objc; path = "IQUIScrollView+Additions.m"; sourceTree = "<group>"; };
		F9F576901C61DFF90014D9FD /* IQUITextFieldView+Additions.h */ = {isa = PBXFileReference; fileEncoding = 4; lastKnownFileType = sourcecode.c.h; path = "IQUITextFieldView+Additions.h"; sourceTree = "<group>"; };
		F9F576911C61DFF90014D9FD /* IQUITextFieldView+Additions.m */ = {isa = PBXFileReference; fileEncoding = 4; lastKnownFileType = sourcecode.c.objc; path = "IQUITextFieldView+Additions.m"; sourceTree = "<group>"; };
		F9F576921C61DFF90014D9FD /* IQUIView+Hierarchy.h */ = {isa = PBXFileReference; fileEncoding = 4; lastKnownFileType = sourcecode.c.h; path = "IQUIView+Hierarchy.h"; sourceTree = "<group>"; };
		F9F576931C61DFF90014D9FD /* IQUIView+Hierarchy.m */ = {isa = PBXFileReference; fileEncoding = 4; lastKnownFileType = sourcecode.c.objc; path = "IQUIView+Hierarchy.m"; sourceTree = "<group>"; };
		F9F576941C61DFF90014D9FD /* IQUIViewController+Additions.h */ = {isa = PBXFileReference; fileEncoding = 4; lastKnownFileType = sourcecode.c.h; path = "IQUIViewController+Additions.h"; sourceTree = "<group>"; };
		F9F576951C61DFF90014D9FD /* IQUIViewController+Additions.m */ = {isa = PBXFileReference; fileEncoding = 4; lastKnownFileType = sourcecode.c.objc; path = "IQUIViewController+Additions.m"; sourceTree = "<group>"; };
		F9F576961C61DFF90014D9FD /* IQUIWindow+Hierarchy.h */ = {isa = PBXFileReference; fileEncoding = 4; lastKnownFileType = sourcecode.c.h; path = "IQUIWindow+Hierarchy.h"; sourceTree = "<group>"; };
		F9F576971C61DFF90014D9FD /* IQUIWindow+Hierarchy.m */ = {isa = PBXFileReference; fileEncoding = 4; lastKnownFileType = sourcecode.c.objc; path = "IQUIWindow+Hierarchy.m"; sourceTree = "<group>"; };
		F9F576991C61DFF90014D9FD /* IQKeyboardManagerConstants.h */ = {isa = PBXFileReference; fileEncoding = 4; lastKnownFileType = sourcecode.c.h; path = IQKeyboardManagerConstants.h; sourceTree = "<group>"; };
		F9F5769A1C61DFF90014D9FD /* IQKeyboardManagerConstantsInternal.h */ = {isa = PBXFileReference; fileEncoding = 4; lastKnownFileType = sourcecode.c.h; path = IQKeyboardManagerConstantsInternal.h; sourceTree = "<group>"; };
		F9F5769B1C61DFF90014D9FD /* IQKeyboardManager.h */ = {isa = PBXFileReference; fileEncoding = 4; lastKnownFileType = sourcecode.c.h; path = IQKeyboardManager.h; sourceTree = "<group>"; };
		F9F5769C1C61DFF90014D9FD /* IQKeyboardManager.m */ = {isa = PBXFileReference; fileEncoding = 4; lastKnownFileType = sourcecode.c.objc; path = IQKeyboardManager.m; sourceTree = "<group>"; };
		F9F5769D1C61DFF90014D9FD /* IQKeyboardReturnKeyHandler.h */ = {isa = PBXFileReference; fileEncoding = 4; lastKnownFileType = sourcecode.c.h; path = IQKeyboardReturnKeyHandler.h; sourceTree = "<group>"; };
		F9F5769E1C61DFF90014D9FD /* IQKeyboardReturnKeyHandler.m */ = {isa = PBXFileReference; fileEncoding = 4; lastKnownFileType = sourcecode.c.objc; path = IQKeyboardReturnKeyHandler.m; sourceTree = "<group>"; };
		F9F576A01C61DFF90014D9FD /* IQTextView.h */ = {isa = PBXFileReference; fileEncoding = 4; lastKnownFileType = sourcecode.c.h; path = IQTextView.h; sourceTree = "<group>"; };
		F9F576A11C61DFF90014D9FD /* IQTextView.m */ = {isa = PBXFileReference; fileEncoding = 4; lastKnownFileType = sourcecode.c.objc; path = IQTextView.m; sourceTree = "<group>"; };
		F9F576A31C61DFF90014D9FD /* IQBarButtonItem.h */ = {isa = PBXFileReference; fileEncoding = 4; lastKnownFileType = sourcecode.c.h; path = IQBarButtonItem.h; sourceTree = "<group>"; };
		F9F576A41C61DFF90014D9FD /* IQBarButtonItem.m */ = {isa = PBXFileReference; fileEncoding = 4; lastKnownFileType = sourcecode.c.objc; path = IQBarButtonItem.m; sourceTree = "<group>"; };
		F9F576A51C61DFF90014D9FD /* IQTitleBarButtonItem.h */ = {isa = PBXFileReference; fileEncoding = 4; lastKnownFileType = sourcecode.c.h; path = IQTitleBarButtonItem.h; sourceTree = "<group>"; };
		F9F576A61C61DFF90014D9FD /* IQTitleBarButtonItem.m */ = {isa = PBXFileReference; fileEncoding = 4; lastKnownFileType = sourcecode.c.objc; path = IQTitleBarButtonItem.m; sourceTree = "<group>"; };
		F9F576A71C61DFF90014D9FD /* IQToolbar.h */ = {isa = PBXFileReference; fileEncoding = 4; lastKnownFileType = sourcecode.c.h; path = IQToolbar.h; sourceTree = "<group>"; };
		F9F576A81C61DFF90014D9FD /* IQToolbar.m */ = {isa = PBXFileReference; fileEncoding = 4; lastKnownFileType = sourcecode.c.objc; path = IQToolbar.m; sourceTree = "<group>"; };
		F9F576A91C61DFF90014D9FD /* IQUIView+IQKeyboardToolbar.h */ = {isa = PBXFileReference; fileEncoding = 4; lastKnownFileType = sourcecode.c.h; path = "IQUIView+IQKeyboardToolbar.h"; sourceTree = "<group>"; };
		F9F576AA1C61DFF90014D9FD /* IQUIView+IQKeyboardToolbar.m */ = {isa = PBXFileReference; fileEncoding = 4; lastKnownFileType = sourcecode.c.objc; path = "IQUIView+IQKeyboardToolbar.m"; sourceTree = "<group>"; };
		F9F576AB1C61DFF90014D9FD /* KeyboardManager.h */ = {isa = PBXFileReference; fileEncoding = 4; lastKnownFileType = sourcecode.c.h; path = KeyboardManager.h; sourceTree = "<group>"; };
		F9F576AD1C61DFF90014D9FD /* IQKeyboardManager.bundle */ = {isa = PBXFileReference; lastKnownFileType = "wrapper.plug-in"; path = IQKeyboardManager.bundle; sourceTree = "<group>"; };
		F9F5D28E1C2CF14200AA431B /* JSONKit.h */ = {isa = PBXFileReference; fileEncoding = 4; lastKnownFileType = sourcecode.c.h; path = JSONKit.h; sourceTree = "<group>"; };
		F9F5D28F1C2CF14200AA431B /* JSONKit.m */ = {isa = PBXFileReference; fileEncoding = 4; lastKnownFileType = sourcecode.c.objc; path = JSONKit.m; sourceTree = "<group>"; };
		F9F5D2921C2CF17C00AA431B /* RequestDictionarySerializer.h */ = {isa = PBXFileReference; fileEncoding = 4; lastKnownFileType = sourcecode.c.h; path = RequestDictionarySerializer.h; sourceTree = "<group>"; };
		F9F5D2931C2CF17C00AA431B /* RequestDictionarySerializer.m */ = {isa = PBXFileReference; fileEncoding = 4; lastKnownFileType = sourcecode.c.objc; path = RequestDictionarySerializer.m; sourceTree = "<group>"; };
		F9F5D2941C2CF17C00AA431B /* ResponseDataSerializer.h */ = {isa = PBXFileReference; fileEncoding = 4; lastKnownFileType = sourcecode.c.h; path = ResponseDataSerializer.h; sourceTree = "<group>"; };
		F9F5D2951C2CF17C00AA431B /* ResponseDataSerializer.m */ = {isa = PBXFileReference; fileEncoding = 4; lastKnownFileType = sourcecode.c.objc; path = ResponseDataSerializer.m; sourceTree = "<group>"; };
		F9F5D2961C2CF17C00AA431B /* TBBaseNetwork.h */ = {isa = PBXFileReference; fileEncoding = 4; lastKnownFileType = sourcecode.c.h; path = TBBaseNetwork.h; sourceTree = "<group>"; };
		F9F5D2971C2CF17C00AA431B /* TBBaseNetwork.m */ = {isa = PBXFileReference; fileEncoding = 4; lastKnownFileType = sourcecode.c.objc; path = TBBaseNetwork.m; sourceTree = "<group>"; };
		F9F5D2981C2CF17C00AA431B /* TBCacheObject.h */ = {isa = PBXFileReference; fileEncoding = 4; lastKnownFileType = sourcecode.c.h; path = TBCacheObject.h; sourceTree = "<group>"; };
		F9F5D2991C2CF17C00AA431B /* TBCacheObject.m */ = {isa = PBXFileReference; fileEncoding = 4; lastKnownFileType = sourcecode.c.objc; path = TBCacheObject.m; sourceTree = "<group>"; };
		F9F5D29A1C2CF17C00AA431B /* TBCacheTool.h */ = {isa = PBXFileReference; fileEncoding = 4; lastKnownFileType = sourcecode.c.h; path = TBCacheTool.h; sourceTree = "<group>"; };
		F9F5D29B1C2CF17C00AA431B /* TBCacheTool.m */ = {isa = PBXFileReference; fileEncoding = 4; lastKnownFileType = sourcecode.c.objc; path = TBCacheTool.m; sourceTree = "<group>"; };
		F9F5D29C1C2CF17C00AA431B /* TBNetworkConfig.h */ = {isa = PBXFileReference; fileEncoding = 4; lastKnownFileType = sourcecode.c.h; path = TBNetworkConfig.h; sourceTree = "<group>"; };
		F9F5D29D1C2CF17C00AA431B /* TBResponse.h */ = {isa = PBXFileReference; fileEncoding = 4; lastKnownFileType = sourcecode.c.h; path = TBResponse.h; sourceTree = "<group>"; };
		F9F5D29E1C2CF17C00AA431B /* TBResponse.m */ = {isa = PBXFileReference; fileEncoding = 4; lastKnownFileType = sourcecode.c.objc; path = TBResponse.m; sourceTree = "<group>"; };
		F9F5D29F1C2CF17C00AA431B /* TokenRequestSerializer.h */ = {isa = PBXFileReference; fileEncoding = 4; lastKnownFileType = sourcecode.c.h; path = TokenRequestSerializer.h; sourceTree = "<group>"; };
		F9F5D2A01C2CF17C00AA431B /* TokenRequestSerializer.m */ = {isa = PBXFileReference; fileEncoding = 4; lastKnownFileType = sourcecode.c.objc; path = TokenRequestSerializer.m; sourceTree = "<group>"; };
		F9F5D2A91C2CF19800AA431B /* NSDate+CL.h */ = {isa = PBXFileReference; fileEncoding = 4; lastKnownFileType = sourcecode.c.h; path = "NSDate+CL.h"; sourceTree = "<group>"; };
		F9F5D2AA1C2CF19800AA431B /* NSDate+CL.m */ = {isa = PBXFileReference; fileEncoding = 4; lastKnownFileType = sourcecode.c.objc; path = "NSDate+CL.m"; sourceTree = "<group>"; };
		F9F5D2AB1C2CF19800AA431B /* NSDictionary+CL.h */ = {isa = PBXFileReference; fileEncoding = 4; lastKnownFileType = sourcecode.c.h; path = "NSDictionary+CL.h"; sourceTree = "<group>"; };
		F9F5D2AC1C2CF19800AA431B /* NSDictionary+CL.m */ = {isa = PBXFileReference; fileEncoding = 4; lastKnownFileType = sourcecode.c.objc; path = "NSDictionary+CL.m"; sourceTree = "<group>"; };
		F9F5D2AD1C2CF19800AA431B /* NSString+TBString.h */ = {isa = PBXFileReference; fileEncoding = 4; lastKnownFileType = sourcecode.c.h; path = "NSString+TBString.h"; sourceTree = "<group>"; };
		F9F5D2AE1C2CF19800AA431B /* NSString+TBString.m */ = {isa = PBXFileReference; fileEncoding = 4; lastKnownFileType = sourcecode.c.objc; path = "NSString+TBString.m"; sourceTree = "<group>"; };
		F9F5D2AF1C2CF19800AA431B /* UIColor+CL.h */ = {isa = PBXFileReference; fileEncoding = 4; lastKnownFileType = sourcecode.c.h; path = "UIColor+CL.h"; sourceTree = "<group>"; };
		F9F5D2B01C2CF19800AA431B /* UIColor+CL.m */ = {isa = PBXFileReference; fileEncoding = 4; lastKnownFileType = sourcecode.c.objc; path = "UIColor+CL.m"; sourceTree = "<group>"; };
		F9F5D2B11C2CF19800AA431B /* UIFont+TBFont.h */ = {isa = PBXFileReference; fileEncoding = 4; lastKnownFileType = sourcecode.c.h; path = "UIFont+TBFont.h"; sourceTree = "<group>"; };
		F9F5D2B21C2CF19800AA431B /* UIFont+TBFont.m */ = {isa = PBXFileReference; fileEncoding = 4; lastKnownFileType = sourcecode.c.objc; path = "UIFont+TBFont.m"; sourceTree = "<group>"; };
		F9F5D2B31C2CF19800AA431B /* UIImage+TBColor.h */ = {isa = PBXFileReference; fileEncoding = 4; lastKnownFileType = sourcecode.c.h; path = "UIImage+TBColor.h"; sourceTree = "<group>"; };
		F9F5D2B41C2CF19800AA431B /* UIImage+TBColor.m */ = {isa = PBXFileReference; fileEncoding = 4; lastKnownFileType = sourcecode.c.objc; path = "UIImage+TBColor.m"; sourceTree = "<group>"; };
		F9F5D2B51C2CF19800AA431B /* UIView+TBView.h */ = {isa = PBXFileReference; fileEncoding = 4; lastKnownFileType = sourcecode.c.h; path = "UIView+TBView.h"; sourceTree = "<group>"; };
		F9F5D2B61C2CF19800AA431B /* UIView+TBView.m */ = {isa = PBXFileReference; fileEncoding = 4; lastKnownFileType = sourcecode.c.objc; path = "UIView+TBView.m"; sourceTree = "<group>"; };
		F9F5D2B81C2CF19800AA431B /* CacheManager.h */ = {isa = PBXFileReference; fileEncoding = 4; lastKnownFileType = sourcecode.c.h; path = CacheManager.h; sourceTree = "<group>"; };
		F9F5D2B91C2CF19800AA431B /* CacheManager.m */ = {isa = PBXFileReference; fileEncoding = 4; lastKnownFileType = sourcecode.c.objc; path = CacheManager.m; sourceTree = "<group>"; };
		F9F5D2BA1C2CF19800AA431B /* StringUtils.h */ = {isa = PBXFileReference; fileEncoding = 4; lastKnownFileType = sourcecode.c.h; path = StringUtils.h; sourceTree = "<group>"; };
		F9F5D2BB1C2CF19800AA431B /* StringUtils.m */ = {isa = PBXFileReference; fileEncoding = 4; lastKnownFileType = sourcecode.c.objc; path = StringUtils.m; sourceTree = "<group>"; };
		F9F5D2BE1C2CF19800AA431B /* TimeMachine.h */ = {isa = PBXFileReference; fileEncoding = 4; lastKnownFileType = sourcecode.c.h; path = TimeMachine.h; sourceTree = "<group>"; };
		F9F5D2BF1C2CF19800AA431B /* TimeMachine.m */ = {isa = PBXFileReference; fileEncoding = 4; lastKnownFileType = sourcecode.c.objc; path = TimeMachine.m; sourceTree = "<group>"; };
		F9F5D2C01C2CF19800AA431B /* UIInfomationView.h */ = {isa = PBXFileReference; fileEncoding = 4; lastKnownFileType = sourcecode.c.h; path = UIInfomationView.h; sourceTree = "<group>"; };
		F9F5D2C11C2CF19800AA431B /* UIInfomationView.m */ = {isa = PBXFileReference; fileEncoding = 4; lastKnownFileType = sourcecode.c.objc; path = UIInfomationView.m; sourceTree = "<group>"; };
		F9F5D2CF1C2CF1CE00AA431B /* CommonString.h */ = {isa = PBXFileReference; fileEncoding = 4; lastKnownFileType = sourcecode.c.h; path = CommonString.h; sourceTree = "<group>"; };
		F9F5D2D01C2CF1CE00AA431B /* CommonUI.h */ = {isa = PBXFileReference; fileEncoding = 4; lastKnownFileType = sourcecode.c.h; path = CommonUI.h; sourceTree = "<group>"; };
		F9F5D2D11C2CF1CE00AA431B /* Debug.h */ = {isa = PBXFileReference; fileEncoding = 4; lastKnownFileType = sourcecode.c.h; path = Debug.h; sourceTree = "<group>"; };
/* End PBXFileReference section */

/* Begin PBXFrameworksBuildPhase section */
		F97406C01BDF55DE0070F67E /* Frameworks */ = {
			isa = PBXFrameworksBuildPhase;
			buildActionMask = 2147483647;
			files = (
				8F867006C99A3EEDF265BA2C /* libPods.a in Frameworks */,
				5C78D2225BCFEE18033D1D50 /* libPods-SaasApp.a in Frameworks */,
			);
			runOnlyForDeploymentPostprocessing = 0;
		};
		F97406D91BDF55DE0070F67E /* Frameworks */ = {
			isa = PBXFrameworksBuildPhase;
			buildActionMask = 2147483647;
			files = (
				AB598337FCA715A43CD61912 /* libPods.a in Frameworks */,
			);
			runOnlyForDeploymentPostprocessing = 0;
		};
		F97406E41BDF55DE0070F67E /* Frameworks */ = {
			isa = PBXFrameworksBuildPhase;
			buildActionMask = 2147483647;
			files = (
			);
			runOnlyForDeploymentPostprocessing = 0;
		};
/* End PBXFrameworksBuildPhase section */

/* Begin PBXGroup section */
		1B8930514039344D8ACC2929 /* Pods */ = {
			isa = PBXGroup;
			children = (
				E2A8297BD24CE98B733B8970 /* Pods.debug.xcconfig */,
				5270ED2DD26C462B9EA5A85A /* Pods.release.xcconfig */,
			);
			name = Pods;
			sourceTree = "<group>";
		};
		2F5FD4174A45B7E695BBF783 /* Frameworks */ = {
			isa = PBXGroup;
			children = (
				F413C340A9A57AD93C448476 /* libPods.a */,
				876987228D7F021B10513C81 /* libPods-SaasApp.a */,
			);
			name = Frameworks;
			sourceTree = "<group>";
		};
		F941DAE91C9401C1001EC0BB /* icloud */ = {
			isa = PBXGroup;
			children = (
			);
			name = icloud;
			sourceTree = "<group>";
		};
		F9581ED11BDF828B007AC947 /* Classes */ = {
			isa = PBXGroup;
			children = (
				F9F5767A1C61A3AD0014D9FD /* WorkFolder */,
				F9F5765D1C61A2420014D9FD /* Base */,
				F9F5D2CE1C2CF1CE00AA431B /* Other */,
				F9F5D28C1C2CF14200AA431B /* Vendor */,
				F989926E1BE0AFDE00B71E0C /* Tools */,
				F9581EDD1BDF83A2007AC947 /* MainController.h */,
				F9581EDE1BDF83A2007AC947 /* MainController.m */,
				F9581ED21BDF828B007AC947 /* AppFolder */,
			);
			path = Classes;
			sourceTree = "<group>";
		};
		F9581ED21BDF828B007AC947 /* AppFolder */ = {
			isa = PBXGroup;
			children = (
				F9581ED81BDF838E007AC947 /* AppDelegate.h */,
				F9581ED91BDF838E007AC947 /* AppDelegate.m */,
				F9581EDA1BDF838E007AC947 /* main.m */,
			);
			path = AppFolder;
			sourceTree = "<group>";
		};
		F9581ED41BDF828B007AC947 /* Resource */ = {
			isa = PBXGroup;
			children = (
				F9581ED51BDF828B007AC947 /* Image */,
				F9581ED61BDF828B007AC947 /* Sound */,
				F9581ED71BDF828B007AC947 /* Xml */,
			);
			path = Resource;
			sourceTree = "<group>";
		};
		F9581ED51BDF828B007AC947 /* Image */ = {
			isa = PBXGroup;
			children = (
				F9581EE01BDF83AB007AC947 /* Assets.xcassets */,
			);
			path = Image;
			sourceTree = "<group>";
		};
		F9581ED61BDF828B007AC947 /* Sound */ = {
			isa = PBXGroup;
			children = (
			);
			path = Sound;
			sourceTree = "<group>";
		};
		F9581ED71BDF828B007AC947 /* Xml */ = {
			isa = PBXGroup;
			children = (
				F9581EE21BDF83B1007AC947 /* Info.plist */,
			);
			path = Xml;
			sourceTree = "<group>";
		};
		F97406BA1BDF55DE0070F67E = {
			isa = PBXGroup;
			children = (
				F97406C51BDF55DE0070F67E /* SaasApp */,
				F97406DF1BDF55DE0070F67E /* SaasAppTests */,
				F97406EA1BDF55DE0070F67E /* SaasAppUITests */,
				F97406C41BDF55DE0070F67E /* Products */,
				1B8930514039344D8ACC2929 /* Pods */,
				2F5FD4174A45B7E695BBF783 /* Frameworks */,
			);
			sourceTree = "<group>";
		};
		F97406C41BDF55DE0070F67E /* Products */ = {
			isa = PBXGroup;
			children = (
				F97406C31BDF55DE0070F67E /* SaasApp.app */,
				F97406DC1BDF55DE0070F67E /* SaasAppTests.xctest */,
				F97406E71BDF55DE0070F67E /* SaasAppUITests.xctest */,
			);
			name = Products;
			sourceTree = "<group>";
		};
		F97406C51BDF55DE0070F67E /* SaasApp */ = {
			isa = PBXGroup;
			children = (
				F9581ED11BDF828B007AC947 /* Classes */,
				F9581ED41BDF828B007AC947 /* Resource */,
				F97406C61BDF55DE0070F67E /* Supporting Files */,
			);
			path = SaasApp;
			sourceTree = "<group>";
		};
		F97406C61BDF55DE0070F67E /* Supporting Files */ = {
			isa = PBXGroup;
			children = (
				F983145E1BE31EF4000718A4 /* Saas_PrefixHeader.pch */,
			);
			name = "Supporting Files";
			sourceTree = "<group>";
		};
		F97406DF1BDF55DE0070F67E /* SaasAppTests */ = {
			isa = PBXGroup;
			children = (
				F97406E01BDF55DE0070F67E /* SaasAppTests.m */,
				F97406E21BDF55DE0070F67E /* Info.plist */,
			);
			path = SaasAppTests;
			sourceTree = "<group>";
		};
		F97406EA1BDF55DE0070F67E /* SaasAppUITests */ = {
			isa = PBXGroup;
			children = (
				F97406EB1BDF55DE0070F67E /* SaasAppUITests.m */,
				F97406ED1BDF55DE0070F67E /* Info.plist */,
			);
			path = SaasAppUITests;
			sourceTree = "<group>";
		};
		F989926E1BE0AFDE00B71E0C /* Tools */ = {
			isa = PBXGroup;
			children = (
				F9F576641C61A3420014D9FD /* Views */,
				F9F5D2A81C2CF19800AA431B /* Category */,
				F9F5D2B71C2CF19800AA431B /* Utils */,
				F9F5D2911C2CF17C00AA431B /* Network */,
			);
			path = Tools;
			sourceTree = "<group>";
		};
		F9F5765D1C61A2420014D9FD /* Base */ = {
			isa = PBXGroup;
			children = (
				F9F5765E1C61A2970014D9FD /* TBBaseController.h */,
				F9F5765F1C61A2970014D9FD /* TBBaseController.m */,
				F9F576601C61A2970014D9FD /* TBBaseView.h */,
				F9F576611C61A2970014D9FD /* TBBaseView.m */,
			);
			path = Base;
			sourceTree = "<group>";
		};
		F9F576641C61A3420014D9FD /* Views */ = {
			isa = PBXGroup;
			children = (
				F9F576651C61A3420014D9FD /* CustomPickView.h */,
				F9F576661C61A3420014D9FD /* CustomPickView.m */,
				F9F576671C61A3420014D9FD /* DZNSegmentedControl.h */,
				F9F576681C61A3420014D9FD /* DZNSegmentedControl.m */,
				F9F576691C61A3420014D9FD /* TBButton.h */,
				F9F5766A1C61A3420014D9FD /* TBButton.m */,
				F9F5766B1C61A3420014D9FD /* TBLoadingView.h */,
				F9F5766C1C61A3420014D9FD /* TBLoadingView.m */,
				F9F5766D1C61A3420014D9FD /* TBScrollView.h */,
				F9F5766E1C61A3420014D9FD /* TBScrollView.m */,
				F9F5766F1C61A3420014D9FD /* UIPlaceholderTextView.h */,
				F9F576701C61A3420014D9FD /* UIPlaceholderTextView.m */,
				F9F576711C61A3420014D9FD /* UIScrollView+DZNSegmentedControl.h */,
				F9F576721C61A3420014D9FD /* UIScrollView+DZNSegmentedControl.m */,
			);
			path = Views;
			sourceTree = "<group>";
		};
		F9F5767A1C61A3AD0014D9FD /* WorkFolder */ = {
			isa = PBXGroup;
			children = (
				F9F5767D1C61A3D50014D9FD /* module3 */,
				F9F5767C1C61A3CF0014D9FD /* module2 */,
				F9F5767B1C61A3B50014D9FD /* module1_UI */,
			);
			path = WorkFolder;
			sourceTree = "<group>";
		};
		F9F5767B1C61A3B50014D9FD /* module1_UI */ = {
			isa = PBXGroup;
			children = (
				F941DAE91C9401C1001EC0BB /* icloud */,
				F9F5767E1C61A5D60014D9FD /* FirstController.h */,
				F9F5767F1C61A5D60014D9FD /* FirstController.m */,
				F9F576871C61D2C70014D9FD /* TableFieldController.h */,
				F9F576881C61D2C70014D9FD /* TableFieldController.m */,
			);
			name = module1_UI;
			sourceTree = "<group>";
		};
		F9F5767C1C61A3CF0014D9FD /* module2 */ = {
			isa = PBXGroup;
			children = (
				F9F576811C61A7300014D9FD /* SecondController.h */,
				F9F576821C61A7300014D9FD /* SecondController.m */,
			);
			name = module2;
			sourceTree = "<group>";
		};
		F9F5767D1C61A3D50014D9FD /* module3 */ = {
			isa = PBXGroup;
			children = (
				F9F576841C61A7540014D9FD /* ThirdController.h */,
				F9F576851C61A7540014D9FD /* ThirdController.m */,
			);
			name = module3;
			sourceTree = "<group>";
		};
		F9F5768A1C61DFF90014D9FD /* IQKeyBoardManager */ = {
			isa = PBXGroup;
			children = (
				F9F5768B1C61DFF90014D9FD /* Categories */,
				F9F576981C61DFF90014D9FD /* Constants */,
				F9F5769B1C61DFF90014D9FD /* IQKeyboardManager.h */,
				F9F5769C1C61DFF90014D9FD /* IQKeyboardManager.m */,
				F9F5769D1C61DFF90014D9FD /* IQKeyboardReturnKeyHandler.h */,
				F9F5769E1C61DFF90014D9FD /* IQKeyboardReturnKeyHandler.m */,
				F9F5769F1C61DFF90014D9FD /* IQTextView */,
				F9F576A21C61DFF90014D9FD /* IQToolbar */,
				F9F576AB1C61DFF90014D9FD /* KeyboardManager.h */,
				F9F576AC1C61DFF90014D9FD /* Resources */,
			);
			path = IQKeyBoardManager;
			sourceTree = "<group>";
		};
		F9F5768B1C61DFF90014D9FD /* Categories */ = {
			isa = PBXGroup;
			children = (
				F9F5768C1C61DFF90014D9FD /* IQNSArray+Sort.h */,
				F9F5768D1C61DFF90014D9FD /* IQNSArray+Sort.m */,
				F9F5768E1C61DFF90014D9FD /* IQUIScrollView+Additions.h */,
				F9F5768F1C61DFF90014D9FD /* IQUIScrollView+Additions.m */,
				F9F576901C61DFF90014D9FD /* IQUITextFieldView+Additions.h */,
				F9F576911C61DFF90014D9FD /* IQUITextFieldView+Additions.m */,
				F9F576921C61DFF90014D9FD /* IQUIView+Hierarchy.h */,
				F9F576931C61DFF90014D9FD /* IQUIView+Hierarchy.m */,
				F9F576941C61DFF90014D9FD /* IQUIViewController+Additions.h */,
				F9F576951C61DFF90014D9FD /* IQUIViewController+Additions.m */,
				F9F576961C61DFF90014D9FD /* IQUIWindow+Hierarchy.h */,
				F9F576971C61DFF90014D9FD /* IQUIWindow+Hierarchy.m */,
			);
			path = Categories;
			sourceTree = "<group>";
		};
		F9F576981C61DFF90014D9FD /* Constants */ = {
			isa = PBXGroup;
			children = (
				F9F576991C61DFF90014D9FD /* IQKeyboardManagerConstants.h */,
				F9F5769A1C61DFF90014D9FD /* IQKeyboardManagerConstantsInternal.h */,
			);
			path = Constants;
			sourceTree = "<group>";
		};
		F9F5769F1C61DFF90014D9FD /* IQTextView */ = {
			isa = PBXGroup;
			children = (
				F9F576A01C61DFF90014D9FD /* IQTextView.h */,
				F9F576A11C61DFF90014D9FD /* IQTextView.m */,
			);
			path = IQTextView;
			sourceTree = "<group>";
		};
		F9F576A21C61DFF90014D9FD /* IQToolbar */ = {
			isa = PBXGroup;
			children = (
				F9F576A31C61DFF90014D9FD /* IQBarButtonItem.h */,
				F9F576A41C61DFF90014D9FD /* IQBarButtonItem.m */,
				F9F576A51C61DFF90014D9FD /* IQTitleBarButtonItem.h */,
				F9F576A61C61DFF90014D9FD /* IQTitleBarButtonItem.m */,
				F9F576A71C61DFF90014D9FD /* IQToolbar.h */,
				F9F576A81C61DFF90014D9FD /* IQToolbar.m */,
				F9F576A91C61DFF90014D9FD /* IQUIView+IQKeyboardToolbar.h */,
				F9F576AA1C61DFF90014D9FD /* IQUIView+IQKeyboardToolbar.m */,
			);
			path = IQToolbar;
			sourceTree = "<group>";
		};
		F9F576AC1C61DFF90014D9FD /* Resources */ = {
			isa = PBXGroup;
			children = (
				F9F576AD1C61DFF90014D9FD /* IQKeyboardManager.bundle */,
			);
			path = Resources;
			sourceTree = "<group>";
		};
		F9F5D28C1C2CF14200AA431B /* Vendor */ = {
			isa = PBXGroup;
			children = (
				F9F5768A1C61DFF90014D9FD /* IQKeyBoardManager */,
				F9F5D28D1C2CF14200AA431B /* JSONKit */,
			);
			path = Vendor;
			sourceTree = "<group>";
		};
		F9F5D28D1C2CF14200AA431B /* JSONKit */ = {
			isa = PBXGroup;
			children = (
				F9F5D28E1C2CF14200AA431B /* JSONKit.h */,
				F9F5D28F1C2CF14200AA431B /* JSONKit.m */,
			);
			path = JSONKit;
			sourceTree = "<group>";
		};
		F9F5D2911C2CF17C00AA431B /* Network */ = {
			isa = PBXGroup;
			children = (
				F9F5D2921C2CF17C00AA431B /* RequestDictionarySerializer.h */,
				F9F5D2931C2CF17C00AA431B /* RequestDictionarySerializer.m */,
				F9F5D2941C2CF17C00AA431B /* ResponseDataSerializer.h */,
				F9F5D2951C2CF17C00AA431B /* ResponseDataSerializer.m */,
				F9F5D2961C2CF17C00AA431B /* TBBaseNetwork.h */,
				F9F5D2971C2CF17C00AA431B /* TBBaseNetwork.m */,
				F9F5D2981C2CF17C00AA431B /* TBCacheObject.h */,
				F9F5D2991C2CF17C00AA431B /* TBCacheObject.m */,
				F9F5D29A1C2CF17C00AA431B /* TBCacheTool.h */,
				F9F5D29B1C2CF17C00AA431B /* TBCacheTool.m */,
				F9F5D29C1C2CF17C00AA431B /* TBNetworkConfig.h */,
				F9F5D29D1C2CF17C00AA431B /* TBResponse.h */,
				F9F5D29E1C2CF17C00AA431B /* TBResponse.m */,
				F9F5D29F1C2CF17C00AA431B /* TokenRequestSerializer.h */,
				F9F5D2A01C2CF17C00AA431B /* TokenRequestSerializer.m */,
			);
			path = Network;
			sourceTree = "<group>";
		};
		F9F5D2A81C2CF19800AA431B /* Category */ = {
			isa = PBXGroup;
			children = (
				F9F5D2A91C2CF19800AA431B /* NSDate+CL.h */,
				F9F5D2AA1C2CF19800AA431B /* NSDate+CL.m */,
				F9F5D2AB1C2CF19800AA431B /* NSDictionary+CL.h */,
				F9F5D2AC1C2CF19800AA431B /* NSDictionary+CL.m */,
				F9F5D2AD1C2CF19800AA431B /* NSString+TBString.h */,
				F9F5D2AE1C2CF19800AA431B /* NSString+TBString.m */,
				F9F5D2AF1C2CF19800AA431B /* UIColor+CL.h */,
				F9F5D2B01C2CF19800AA431B /* UIColor+CL.m */,
				F9F5D2B11C2CF19800AA431B /* UIFont+TBFont.h */,
				F9F5D2B21C2CF19800AA431B /* UIFont+TBFont.m */,
				F9F5D2B31C2CF19800AA431B /* UIImage+TBColor.h */,
				F9F5D2B41C2CF19800AA431B /* UIImage+TBColor.m */,
				F9F5D2B51C2CF19800AA431B /* UIView+TBView.h */,
				F9F5D2B61C2CF19800AA431B /* UIView+TBView.m */,
			);
			path = Category;
			sourceTree = "<group>";
		};
		F9F5D2B71C2CF19800AA431B /* Utils */ = {
			isa = PBXGroup;
			children = (
				F9F5D2B81C2CF19800AA431B /* CacheManager.h */,
				F9F5D2B91C2CF19800AA431B /* CacheManager.m */,
				F9F5D2BA1C2CF19800AA431B /* StringUtils.h */,
				F9F5D2BB1C2CF19800AA431B /* StringUtils.m */,
				F9F5D2BE1C2CF19800AA431B /* TimeMachine.h */,
				F9F5D2BF1C2CF19800AA431B /* TimeMachine.m */,
				F9F5D2C01C2CF19800AA431B /* UIInfomationView.h */,
				F9F5D2C11C2CF19800AA431B /* UIInfomationView.m */,
			);
			path = Utils;
			sourceTree = "<group>";
		};
		F9F5D2CE1C2CF1CE00AA431B /* Other */ = {
			isa = PBXGroup;
			children = (
				F9F5D2CF1C2CF1CE00AA431B /* CommonString.h */,
				F9F5D2D01C2CF1CE00AA431B /* CommonUI.h */,
				F9F5D2D11C2CF1CE00AA431B /* Debug.h */,
			);
			path = Other;
			sourceTree = "<group>";
		};
/* End PBXGroup section */

/* Begin PBXNativeTarget section */
		F97406C21BDF55DE0070F67E /* SaasApp */ = {
			isa = PBXNativeTarget;
			buildConfigurationList = F97406F01BDF55DE0070F67E /* Build configuration list for PBXNativeTarget "SaasApp" */;
			buildPhases = (
				9386E599999EF13F1FF62A4B /* Check Pods Manifest.lock */,
				F97406BF1BDF55DE0070F67E /* Sources */,
				F97406C01BDF55DE0070F67E /* Frameworks */,
				F97406C11BDF55DE0070F67E /* Resources */,
				6B61CA4E3A4C565E2E3DA08E /* Copy Pods Resources */,
				C93777EDAB48DDA66C2DB039 /* Embed Pods Frameworks */,
			);
			buildRules = (
			);
			dependencies = (
			);
			name = SaasApp;
			productName = SaasApp;
			productReference = F97406C31BDF55DE0070F67E /* SaasApp.app */;
			productType = "com.apple.product-type.application";
		};
		F97406DB1BDF55DE0070F67E /* SaasAppTests */ = {
			isa = PBXNativeTarget;
			buildConfigurationList = F97406F31BDF55DE0070F67E /* Build configuration list for PBXNativeTarget "SaasAppTests" */;
			buildPhases = (
				D1082EBF27C6A2E1E6ACA468 /* Check Pods Manifest.lock */,
				F97406D81BDF55DE0070F67E /* Sources */,
				F97406D91BDF55DE0070F67E /* Frameworks */,
				F97406DA1BDF55DE0070F67E /* Resources */,
				F8F1365710A4DA9D00D51410 /* Copy Pods Resources */,
				D920DDFF8458DBAB5360D919 /* Embed Pods Frameworks */,
			);
			buildRules = (
			);
			dependencies = (
				F97406DE1BDF55DE0070F67E /* PBXTargetDependency */,
			);
			name = SaasAppTests;
			productName = SaasAppTests;
			productReference = F97406DC1BDF55DE0070F67E /* SaasAppTests.xctest */;
			productType = "com.apple.product-type.bundle.unit-test";
		};
		F97406E61BDF55DE0070F67E /* SaasAppUITests */ = {
			isa = PBXNativeTarget;
			buildConfigurationList = F97406F61BDF55DE0070F67E /* Build configuration list for PBXNativeTarget "SaasAppUITests" */;
			buildPhases = (
				F97406E31BDF55DE0070F67E /* Sources */,
				F97406E41BDF55DE0070F67E /* Frameworks */,
				F97406E51BDF55DE0070F67E /* Resources */,
			);
			buildRules = (
			);
			dependencies = (
				F97406E91BDF55DE0070F67E /* PBXTargetDependency */,
			);
			name = SaasAppUITests;
			productName = SaasAppUITests;
			productReference = F97406E71BDF55DE0070F67E /* SaasAppUITests.xctest */;
			productType = "com.apple.product-type.bundle.ui-testing";
		};
/* End PBXNativeTarget section */

/* Begin PBXProject section */
		F97406BB1BDF55DE0070F67E /* Project object */ = {
			isa = PBXProject;
			attributes = {
				LastUpgradeCheck = 0700;
				ORGANIZATIONNAME = ToothBond;
				TargetAttributes = {
					F97406C21BDF55DE0070F67E = {
						CreatedOnToolsVersion = 7.0;
					};
					F97406DB1BDF55DE0070F67E = {
						CreatedOnToolsVersion = 7.0;
						TestTargetID = F97406C21BDF55DE0070F67E;
					};
					F97406E61BDF55DE0070F67E = {
						CreatedOnToolsVersion = 7.0;
						TestTargetID = F97406C21BDF55DE0070F67E;
					};
				};
			};
			buildConfigurationList = F97406BE1BDF55DE0070F67E /* Build configuration list for PBXProject "SaasApp" */;
			compatibilityVersion = "Xcode 3.2";
			developmentRegion = English;
			hasScannedForEncodings = 0;
			knownRegions = (
				en,
				Base,
			);
			mainGroup = F97406BA1BDF55DE0070F67E;
			productRefGroup = F97406C41BDF55DE0070F67E /* Products */;
			projectDirPath = "";
			projectRoot = "";
			targets = (
				F97406C21BDF55DE0070F67E /* SaasApp */,
				F97406DB1BDF55DE0070F67E /* SaasAppTests */,
				F97406E61BDF55DE0070F67E /* SaasAppUITests */,
			);
		};
/* End PBXProject section */

/* Begin PBXResourcesBuildPhase section */
		F97406C11BDF55DE0070F67E /* Resources */ = {
			isa = PBXResourcesBuildPhase;
			buildActionMask = 2147483647;
			files = (
				F9F576BB1C61DFF90014D9FD /* IQKeyboardManager.bundle in Resources */,
				F9581EE11BDF83AB007AC947 /* Assets.xcassets in Resources */,
			);
			runOnlyForDeploymentPostprocessing = 0;
		};
		F97406DA1BDF55DE0070F67E /* Resources */ = {
			isa = PBXResourcesBuildPhase;
			buildActionMask = 2147483647;
			files = (
			);
			runOnlyForDeploymentPostprocessing = 0;
		};
		F97406E51BDF55DE0070F67E /* Resources */ = {
			isa = PBXResourcesBuildPhase;
			buildActionMask = 2147483647;
			files = (
			);
			runOnlyForDeploymentPostprocessing = 0;
		};
/* End PBXResourcesBuildPhase section */

/* Begin PBXShellScriptBuildPhase section */
		6B61CA4E3A4C565E2E3DA08E /* Copy Pods Resources */ = {
			isa = PBXShellScriptBuildPhase;
			buildActionMask = 2147483647;
			files = (
			);
			inputPaths = (
			);
			name = "Copy Pods Resources";
			outputPaths = (
			);
			runOnlyForDeploymentPostprocessing = 0;
			shellPath = /bin/sh;
			shellScript = "\"${SRCROOT}/Pods/Target Support Files/Pods/Pods-resources.sh\"\n";
			showEnvVarsInLog = 0;
		};
		9386E599999EF13F1FF62A4B /* Check Pods Manifest.lock */ = {
			isa = PBXShellScriptBuildPhase;
			buildActionMask = 2147483647;
			files = (
			);
			inputPaths = (
			);
			name = "Check Pods Manifest.lock";
			outputPaths = (
			);
			runOnlyForDeploymentPostprocessing = 0;
			shellPath = /bin/sh;
			shellScript = "diff \"${PODS_ROOT}/../Podfile.lock\" \"${PODS_ROOT}/Manifest.lock\" > /dev/null\nif [[ $? != 0 ]] ; then\n    cat << EOM\nerror: The sandbox is not in sync with the Podfile.lock. Run 'pod install' or update your CocoaPods installation.\nEOM\n    exit 1\nfi\n";
			showEnvVarsInLog = 0;
		};
		C93777EDAB48DDA66C2DB039 /* Embed Pods Frameworks */ = {
			isa = PBXShellScriptBuildPhase;
			buildActionMask = 2147483647;
			files = (
			);
			inputPaths = (
			);
			name = "Embed Pods Frameworks";
			outputPaths = (
			);
			runOnlyForDeploymentPostprocessing = 0;
			shellPath = /bin/sh;
			shellScript = "\"${SRCROOT}/Pods/Target Support Files/Pods/Pods-frameworks.sh\"\n";
			showEnvVarsInLog = 0;
		};
		D1082EBF27C6A2E1E6ACA468 /* Check Pods Manifest.lock */ = {
			isa = PBXShellScriptBuildPhase;
			buildActionMask = 2147483647;
			files = (
			);
			inputPaths = (
			);
			name = "Check Pods Manifest.lock";
			outputPaths = (
			);
			runOnlyForDeploymentPostprocessing = 0;
			shellPath = /bin/sh;
			shellScript = "diff \"${PODS_ROOT}/../Podfile.lock\" \"${PODS_ROOT}/Manifest.lock\" > /dev/null\nif [[ $? != 0 ]] ; then\n    cat << EOM\nerror: The sandbox is not in sync with the Podfile.lock. Run 'pod install' or update your CocoaPods installation.\nEOM\n    exit 1\nfi\n";
			showEnvVarsInLog = 0;
		};
		D920DDFF8458DBAB5360D919 /* Embed Pods Frameworks */ = {
			isa = PBXShellScriptBuildPhase;
			buildActionMask = 2147483647;
			files = (
			);
			inputPaths = (
			);
			name = "Embed Pods Frameworks";
			outputPaths = (
			);
			runOnlyForDeploymentPostprocessing = 0;
			shellPath = /bin/sh;
			shellScript = "\"${SRCROOT}/Pods/Target Support Files/Pods/Pods-frameworks.sh\"\n";
			showEnvVarsInLog = 0;
		};
		F8F1365710A4DA9D00D51410 /* Copy Pods Resources */ = {
			isa = PBXShellScriptBuildPhase;
			buildActionMask = 2147483647;
			files = (
			);
			inputPaths = (
			);
			name = "Copy Pods Resources";
			outputPaths = (
			);
			runOnlyForDeploymentPostprocessing = 0;
			shellPath = /bin/sh;
			shellScript = "\"${SRCROOT}/Pods/Target Support Files/Pods/Pods-resources.sh\"\n";
			showEnvVarsInLog = 0;
		};
/* End PBXShellScriptBuildPhase section */

/* Begin PBXSourcesBuildPhase section */
		F97406BF1BDF55DE0070F67E /* Sources */ = {
			isa = PBXSourcesBuildPhase;
			buildActionMask = 2147483647;
			files = (
				F9F576B01C61DFF90014D9FD /* IQUITextFieldView+Additions.m in Sources */,
				F9F576B31C61DFF90014D9FD /* IQUIWindow+Hierarchy.m in Sources */,
				F9F5D2A21C2CF17C00AA431B /* ResponseDataSerializer.m in Sources */,
				F9F576B51C61DFF90014D9FD /* IQKeyboardReturnKeyHandler.m in Sources */,
				F9F576781C61A3420014D9FD /* UIPlaceholderTextView.m in Sources */,
				F9F5D2CD1C2CF19800AA431B /* UIInfomationView.m in Sources */,
				F9F576B11C61DFF90014D9FD /* IQUIView+Hierarchy.m in Sources */,
				F9F5D2A51C2CF17C00AA431B /* TBCacheTool.m in Sources */,
				F9F5D2C31C2CF19800AA431B /* NSDictionary+CL.m in Sources */,
				F9F576B61C61DFF90014D9FD /* IQTextView.m in Sources */,
				F9F5D2C71C2CF19800AA431B /* UIImage+TBColor.m in Sources */,
				F9F576B91C61DFF90014D9FD /* IQToolbar.m in Sources */,
				F9F5D2A31C2CF17C00AA431B /* TBBaseNetwork.m in Sources */,
				F9F5D2C81C2CF19800AA431B /* UIView+TBView.m in Sources */,
				F9F5D2C41C2CF19800AA431B /* NSString+TBString.m in Sources */,
				F9F5D2A11C2CF17C00AA431B /* RequestDictionarySerializer.m in Sources */,
				F9F5D2A41C2CF17C00AA431B /* TBCacheObject.m in Sources */,
				F9F5D2C61C2CF19800AA431B /* UIFont+TBFont.m in Sources */,
				F9F576631C61A2970014D9FD /* TBBaseView.m in Sources */,
				F9F576BA1C61DFF90014D9FD /* IQUIView+IQKeyboardToolbar.m in Sources */,
				F9F576861C61A7540014D9FD /* ThirdController.m in Sources */,
				F9581EDF1BDF83A2007AC947 /* MainController.m in Sources */,
				F9F576AF1C61DFF90014D9FD /* IQUIScrollView+Additions.m in Sources */,
				F9F576791C61A3420014D9FD /* UIScrollView+DZNSegmentedControl.m in Sources */,
				F9F576731C61A3420014D9FD /* CustomPickView.m in Sources */,
				F9581EDC1BDF838E007AC947 /* main.m in Sources */,
				F9F5D2C21C2CF19800AA431B /* NSDate+CL.m in Sources */,
				F9F5D2901C2CF14200AA431B /* JSONKit.m in Sources */,
				F9F576B71C61DFF90014D9FD /* IQBarButtonItem.m in Sources */,
				F9F5D2A61C2CF17C00AA431B /* TBResponse.m in Sources */,
				F9F5D2C91C2CF19800AA431B /* CacheManager.m in Sources */,
				F9F5D2CA1C2CF19800AA431B /* StringUtils.m in Sources */,
				F9F576B21C61DFF90014D9FD /* IQUIViewController+Additions.m in Sources */,
				F9F5D2C51C2CF19800AA431B /* UIColor+CL.m in Sources */,
				F9F576AE1C61DFF90014D9FD /* IQNSArray+Sort.m in Sources */,
				F9F576751C61A3420014D9FD /* TBButton.m in Sources */,
				F9F576801C61A5D60014D9FD /* FirstController.m in Sources */,
				F9F576B81C61DFF90014D9FD /* IQTitleBarButtonItem.m in Sources */,
				F9F576891C61D2C70014D9FD /* TableFieldController.m in Sources */,
				F9F576771C61A3420014D9FD /* TBScrollView.m in Sources */,
				F9581EDB1BDF838E007AC947 /* AppDelegate.m in Sources */,
				F9F576831C61A7300014D9FD /* SecondController.m in Sources */,
				F9F576B41C61DFF90014D9FD /* IQKeyboardManager.m in Sources */,
				F9F576621C61A2970014D9FD /* TBBaseController.m in Sources */,
				F9F5D2CC1C2CF19800AA431B /* TimeMachine.m in Sources */,
				F9F576761C61A3420014D9FD /* TBLoadingView.m in Sources */,
				F9F5D2A71C2CF17C00AA431B /* TokenRequestSerializer.m in Sources */,
				F9F576741C61A3420014D9FD /* DZNSegmentedControl.m in Sources */,
			);
			runOnlyForDeploymentPostprocessing = 0;
		};
		F97406D81BDF55DE0070F67E /* Sources */ = {
			isa = PBXSourcesBuildPhase;
			buildActionMask = 2147483647;
			files = (
				F97406E11BDF55DE0070F67E /* SaasAppTests.m in Sources */,
			);
			runOnlyForDeploymentPostprocessing = 0;
		};
		F97406E31BDF55DE0070F67E /* Sources */ = {
			isa = PBXSourcesBuildPhase;
			buildActionMask = 2147483647;
			files = (
				F97406EC1BDF55DE0070F67E /* SaasAppUITests.m in Sources */,
			);
			runOnlyForDeploymentPostprocessing = 0;
		};
/* End PBXSourcesBuildPhase section */

/* Begin PBXTargetDependency section */
		F97406DE1BDF55DE0070F67E /* PBXTargetDependency */ = {
			isa = PBXTargetDependency;
			target = F97406C21BDF55DE0070F67E /* SaasApp */;
			targetProxy = F97406DD1BDF55DE0070F67E /* PBXContainerItemProxy */;
		};
		F97406E91BDF55DE0070F67E /* PBXTargetDependency */ = {
			isa = PBXTargetDependency;
			target = F97406C21BDF55DE0070F67E /* SaasApp */;
			targetProxy = F97406E81BDF55DE0070F67E /* PBXContainerItemProxy */;
		};
/* End PBXTargetDependency section */

/* Begin XCBuildConfiguration section */
		F97406EE1BDF55DE0070F67E /* Debug */ = {
			isa = XCBuildConfiguration;
			buildSettings = {
				ALWAYS_SEARCH_USER_PATHS = NO;
				CLANG_CXX_LANGUAGE_STANDARD = "gnu++0x";
				CLANG_CXX_LIBRARY = "libc++";
				CLANG_ENABLE_MODULES = YES;
				CLANG_ENABLE_OBJC_ARC = YES;
				CLANG_WARN_BOOL_CONVERSION = YES;
				CLANG_WARN_CONSTANT_CONVERSION = YES;
				CLANG_WARN_DIRECT_OBJC_ISA_USAGE = YES_ERROR;
				CLANG_WARN_EMPTY_BODY = YES;
				CLANG_WARN_ENUM_CONVERSION = YES;
				CLANG_WARN_INT_CONVERSION = YES;
				CLANG_WARN_OBJC_ROOT_CLASS = YES_ERROR;
				CLANG_WARN_UNREACHABLE_CODE = YES;
				CLANG_WARN__DUPLICATE_METHOD_MATCH = YES;
				"CODE_SIGN_IDENTITY[sdk=iphoneos*]" = "iPhone Developer";
				COPY_PHASE_STRIP = NO;
				DEBUG_INFORMATION_FORMAT = dwarf;
				ENABLE_STRICT_OBJC_MSGSEND = YES;
				ENABLE_TESTABILITY = YES;
				GCC_C_LANGUAGE_STANDARD = gnu99;
				GCC_DYNAMIC_NO_PIC = NO;
				GCC_NO_COMMON_BLOCKS = YES;
				GCC_OPTIMIZATION_LEVEL = 0;
				GCC_PREPROCESSOR_DEFINITIONS = (
					"DEBUG=1",
					"$(inherited)",
				);
				GCC_WARN_64_TO_32_BIT_CONVERSION = YES;
				GCC_WARN_ABOUT_RETURN_TYPE = YES_ERROR;
				GCC_WARN_UNDECLARED_SELECTOR = YES;
				GCC_WARN_UNINITIALIZED_AUTOS = YES_AGGRESSIVE;
				GCC_WARN_UNUSED_FUNCTION = YES;
				GCC_WARN_UNUSED_VARIABLE = YES;
				IPHONEOS_DEPLOYMENT_TARGET = 9.0;
				MTL_ENABLE_DEBUG_INFO = YES;
				ONLY_ACTIVE_ARCH = YES;
				SDKROOT = iphoneos;
			};
			name = Debug;
		};
		F97406EF1BDF55DE0070F67E /* Release */ = {
			isa = XCBuildConfiguration;
			buildSettings = {
				ALWAYS_SEARCH_USER_PATHS = NO;
				CLANG_CXX_LANGUAGE_STANDARD = "gnu++0x";
				CLANG_CXX_LIBRARY = "libc++";
				CLANG_ENABLE_MODULES = YES;
				CLANG_ENABLE_OBJC_ARC = YES;
				CLANG_WARN_BOOL_CONVERSION = YES;
				CLANG_WARN_CONSTANT_CONVERSION = YES;
				CLANG_WARN_DIRECT_OBJC_ISA_USAGE = YES_ERROR;
				CLANG_WARN_EMPTY_BODY = YES;
				CLANG_WARN_ENUM_CONVERSION = YES;
				CLANG_WARN_INT_CONVERSION = YES;
				CLANG_WARN_OBJC_ROOT_CLASS = YES_ERROR;
				CLANG_WARN_UNREACHABLE_CODE = YES;
				CLANG_WARN__DUPLICATE_METHOD_MATCH = YES;
				"CODE_SIGN_IDENTITY[sdk=iphoneos*]" = "iPhone Developer";
				COPY_PHASE_STRIP = NO;
				DEBUG_INFORMATION_FORMAT = "dwarf-with-dsym";
				ENABLE_NS_ASSERTIONS = NO;
				ENABLE_STRICT_OBJC_MSGSEND = YES;
				GCC_C_LANGUAGE_STANDARD = gnu99;
				GCC_NO_COMMON_BLOCKS = YES;
				GCC_WARN_64_TO_32_BIT_CONVERSION = YES;
				GCC_WARN_ABOUT_RETURN_TYPE = YES_ERROR;
				GCC_WARN_UNDECLARED_SELECTOR = YES;
				GCC_WARN_UNINITIALIZED_AUTOS = YES_AGGRESSIVE;
				GCC_WARN_UNUSED_FUNCTION = YES;
				GCC_WARN_UNUSED_VARIABLE = YES;
				IPHONEOS_DEPLOYMENT_TARGET = 9.0;
				MTL_ENABLE_DEBUG_INFO = NO;
				SDKROOT = iphoneos;
				VALIDATE_PRODUCT = YES;
			};
			name = Release;
		};
		F97406F11BDF55DE0070F67E /* Debug */ = {
			isa = XCBuildConfiguration;
			baseConfigurationReference = E2A8297BD24CE98B733B8970 /* Pods.debug.xcconfig */;
			buildSettings = {
				ASSETCATALOG_COMPILER_APPICON_NAME = AppIcon;
				ASSETCATALOG_COMPILER_LAUNCHIMAGE_NAME = LaunchImage;
				GCC_PRECOMPILE_PREFIX_HEADER = YES;
				GCC_PREFIX_HEADER = SaasApp/Saas_PrefixHeader.pch;
				INFOPLIST_FILE = "$(SRCROOT)/SaasApp/Resource/Xml/Info.plist";
				IPHONEOS_DEPLOYMENT_TARGET = 7.0;
				LD_RUNPATH_SEARCH_PATHS = "$(inherited) @executable_path/Frameworks";
				PRODUCT_BUNDLE_IDENTIFIER = com.rensq.SaasApp;
				PRODUCT_NAME = "$(TARGET_NAME)";
			};
			name = Debug;
		};
		F97406F21BDF55DE0070F67E /* Release */ = {
			isa = XCBuildConfiguration;
			baseConfigurationReference = 5270ED2DD26C462B9EA5A85A /* Pods.release.xcconfig */;
			buildSettings = {
				ASSETCATALOG_COMPILER_APPICON_NAME = AppIcon;
				ASSETCATALOG_COMPILER_LAUNCHIMAGE_NAME = LaunchImage;
				GCC_PRECOMPILE_PREFIX_HEADER = YES;
				GCC_PREFIX_HEADER = SaasApp/Saas_PrefixHeader.pch;
				INFOPLIST_FILE = "$(SRCROOT)/SaasApp/Resource/Xml/Info.plist";
				IPHONEOS_DEPLOYMENT_TARGET = 7.0;
				LD_RUNPATH_SEARCH_PATHS = "$(inherited) @executable_path/Frameworks";
				PRODUCT_BUNDLE_IDENTIFIER = com.rensq.SaasApp;
				PRODUCT_NAME = "$(TARGET_NAME)";
			};
			name = Release;
		};
		F97406F41BDF55DE0070F67E /* Debug */ = {
			isa = XCBuildConfiguration;
			baseConfigurationReference = E2A8297BD24CE98B733B8970 /* Pods.debug.xcconfig */;
			buildSettings = {
				BUNDLE_LOADER = "$(TEST_HOST)";
				GCC_PRECOMPILE_PREFIX_HEADER = YES;
				GCC_PREFIX_HEADER = SaasApp/Saas_PrefixHeader.pch;
				INFOPLIST_FILE = SaasAppTests/Info.plist;
				LD_RUNPATH_SEARCH_PATHS = "$(inherited) @executable_path/Frameworks @loader_path/Frameworks";
				PRODUCT_BUNDLE_IDENTIFIER = com.rensq.SaasAppTests;
				PRODUCT_NAME = "$(TARGET_NAME)";
				TEST_HOST = "$(BUILT_PRODUCTS_DIR)/SaasApp.app/SaasApp";
			};
			name = Debug;
		};
		F97406F51BDF55DE0070F67E /* Release */ = {
			isa = XCBuildConfiguration;
			baseConfigurationReference = 5270ED2DD26C462B9EA5A85A /* Pods.release.xcconfig */;
			buildSettings = {
				BUNDLE_LOADER = "$(TEST_HOST)";
				GCC_PRECOMPILE_PREFIX_HEADER = YES;
				GCC_PREFIX_HEADER = SaasApp/Saas_PrefixHeader.pch;
				INFOPLIST_FILE = SaasAppTests/Info.plist;
				LD_RUNPATH_SEARCH_PATHS = "$(inherited) @executable_path/Frameworks @loader_path/Frameworks";
				PRODUCT_BUNDLE_IDENTIFIER = com.rensq.SaasAppTests;
				PRODUCT_NAME = "$(TARGET_NAME)";
				TEST_HOST = "$(BUILT_PRODUCTS_DIR)/SaasApp.app/SaasApp";
			};
			name = Release;
		};
		F97406F71BDF55DE0070F67E /* Debug */ = {
			isa = XCBuildConfiguration;
			buildSettings = {
				INFOPLIST_FILE = SaasAppUITests/Info.plist;
				LD_RUNPATH_SEARCH_PATHS = "$(inherited) @executable_path/Frameworks @loader_path/Frameworks";
				PRODUCT_BUNDLE_IDENTIFIER = com.rensq.SaasAppUITests;
				PRODUCT_NAME = "$(TARGET_NAME)";
				TEST_TARGET_NAME = SaasApp;
				USES_XCTRUNNER = YES;
			};
			name = Debug;
		};
		F97406F81BDF55DE0070F67E /* Release */ = {
			isa = XCBuildConfiguration;
			buildSettings = {
				INFOPLIST_FILE = SaasAppUITests/Info.plist;
				LD_RUNPATH_SEARCH_PATHS = "$(inherited) @executable_path/Frameworks @loader_path/Frameworks";
				PRODUCT_BUNDLE_IDENTIFIER = com.rensq.SaasAppUITests;
				PRODUCT_NAME = "$(TARGET_NAME)";
				TEST_TARGET_NAME = SaasApp;
				USES_XCTRUNNER = YES;
			};
			name = Release;
		};
/* End XCBuildConfiguration section */

/* Begin XCConfigurationList section */
		F97406BE1BDF55DE0070F67E /* Build configuration list for PBXProject "SaasApp" */ = {
			isa = XCConfigurationList;
			buildConfigurations = (
				F97406EE1BDF55DE0070F67E /* Debug */,
				F97406EF1BDF55DE0070F67E /* Release */,
			);
			defaultConfigurationIsVisible = 0;
			defaultConfigurationName = Release;
		};
		F97406F01BDF55DE0070F67E /* Build configuration list for PBXNativeTarget "SaasApp" */ = {
			isa = XCConfigurationList;
			buildConfigurations = (
				F97406F11BDF55DE0070F67E /* Debug */,
				F97406F21BDF55DE0070F67E /* Release */,
			);
			defaultConfigurationIsVisible = 0;
			defaultConfigurationName = Release;
		};
		F97406F31BDF55DE0070F67E /* Build configuration list for PBXNativeTarget "SaasAppTests" */ = {
			isa = XCConfigurationList;
			buildConfigurations = (
				F97406F41BDF55DE0070F67E /* Debug */,
				F97406F51BDF55DE0070F67E /* Release */,
			);
			defaultConfigurationIsVisible = 0;
			defaultConfigurationName = Release;
		};
		F97406F61BDF55DE0070F67E /* Build configuration list for PBXNativeTarget "SaasAppUITests" */ = {
			isa = XCConfigurationList;
			buildConfigurations = (
				F97406F71BDF55DE0070F67E /* Debug */,
				F97406F81BDF55DE0070F67E /* Release */,
			);
			defaultConfigurationIsVisible = 0;
			defaultConfigurationName = Release;
		};
/* End XCConfigurationList section */
	};
	rootObject = F97406BB1BDF55DE0070F67E /* Project object */;
}
